
Microsoft Visual Studio Solution File, Format Version 12.00
# Visual Studio 15
VisualStudioVersion = 15.0.26124.0
MinimumVisualStudioVersion = 15.0.26124.0
Project("{FAE04EC0-301F-11D3-BF4B-00C04F79EFBC}") = "ApiCorsLambdaCrudDynamodb", "ApiCorsLambdaCrudDynamodb\ApiCorsLambdaCrudDynamodb.csproj", "{5E7695A6-1848-43E7-A83B-46528415EE32}"
EndProject
Project("{2150E333-8FDC-42A3-9474-1A3956D46DE8}") = "Lambdas", "Lambdas", "{2F636413-3FC2-4683-BD6F-0C4B396DC361}"
EndProject
Project("{FAE04EC0-301F-11D3-BF4B-00C04F79EFBC}") = "Create", "Lambdas\Create\Create.csproj", "{380F4504-D6B6-4992-8AB7-9991F8A14ADC}"
EndProject
Project("{FAE04EC0-301F-11D3-BF4B-00C04F79EFBC}") = "DeleteOne", "Lambdas\DeleteOne\DeleteOne.csproj", "{B5AA99D6-0944-4891-8961-A5974E8AA0B8}"
EndProject
Project("{FAE04EC0-301F-11D3-BF4B-00C04F79EFBC}") = "DynamoItemRepository", "Lambdas\DynamoItemRepository\DynamoItemRepository.csproj", "{B2F6CB4E-AB7F-4D56-A4F8-95D7CFDC8F0F}"
EndProject
Project("{FAE04EC0-301F-11D3-BF4B-00C04F79EFBC}") = "GetAll", "Lambdas\GetAll\GetAll.csproj", "{807E5CDD-89C4-4C12-BC61-7D8E1495FA3A}"
EndProject
Project("{FAE04EC0-301F-11D3-BF4B-00C04F79EFBC}") = "GetOne", "Lambdas\GetOne\GetOne.csproj", "{6949209E-BF1E-43C3-8559-97E52FF0A186}"
EndProject
Project("{FAE04EC0-301F-11D3-BF4B-00C04F79EFBC}") = "UpdateOne", "Lambdas\UpdateOne\UpdateOne.csproj", "{DD78132E-9855-48D9-A314-D8249259C5EF}"
EndProject
Global
	GlobalSection(SolutionConfigurationPlatforms) = preSolution
		Debug|Any CPU = Debug|Any CPU
		Debug|x64 = Debug|x64
		Debug|x86 = Debug|x86
		Release|Any CPU = Release|Any CPU
		Release|x64 = Release|x64
		Release|x86 = Release|x86
	EndGlobalSection
	GlobalSection(SolutionProperties) = preSolution
		HideSolutionNode = FALSE
	EndGlobalSection
	GlobalSection(ProjectConfigurationPlatforms) = postSolution
		{5E7695A6-1848-43E7-A83B-46528415EE32}.Debug|Any CPU.ActiveCfg = Debug|Any CPU
		{5E7695A6-1848-43E7-A83B-46528415EE32}.Debug|Any CPU.Build.0 = Debug|Any CPU
		{5E7695A6-1848-43E7-A83B-46528415EE32}.Debug|x64.ActiveCfg = Debug|Any CPU
		{5E7695A6-1848-43E7-A83B-46528415EE32}.Debug|x64.Build.0 = Debug|Any CPU
		{5E7695A6-1848-43E7-A83B-46528415EE32}.Debug|x86.ActiveCfg = Debug|Any CPU
		{5E7695A6-1848-43E7-A83B-46528415EE32}.Debug|x86.Build.0 = Debug|Any CPU
		{5E7695A6-1848-43E7-A83B-46528415EE32}.Release|Any CPU.ActiveCfg = Release|Any CPU
		{5E7695A6-1848-43E7-A83B-46528415EE32}.Release|Any CPU.Build.0 = Release|Any CPU
		{5E7695A6-1848-43E7-A83B-46528415EE32}.Release|x64.ActiveCfg = Release|Any CPU
		{5E7695A6-1848-43E7-A83B-46528415EE32}.Release|x64.Build.0 = Release|Any CPU
		{5E7695A6-1848-43E7-A83B-46528415EE32}.Release|x86.ActiveCfg = Release|Any CPU
		{5E7695A6-1848-43E7-A83B-46528415EE32}.Release|x86.Build.0 = Release|Any CPU
		{380F4504-D6B6-4992-8AB7-9991F8A14ADC}.Debug|Any CPU.ActiveCfg = Debug|Any CPU
		{380F4504-D6B6-4992-8AB7-9991F8A14ADC}.Debug|Any CPU.Build.0 = Debug|Any CPU
		{380F4504-D6B6-4992-8AB7-9991F8A14ADC}.Debug|x64.ActiveCfg = Debug|Any CPU
		{380F4504-D6B6-4992-8AB7-9991F8A14ADC}.Debug|x64.Build.0 = Debug|Any CPU
		{380F4504-D6B6-4992-8AB7-9991F8A14ADC}.Debug|x86.ActiveCfg = Debug|Any CPU
		{380F4504-D6B6-4992-8AB7-9991F8A14ADC}.Debug|x86.Build.0 = Debug|Any CPU
		{380F4504-D6B6-4992-8AB7-9991F8A14ADC}.Release|Any CPU.ActiveCfg = Release|Any CPU
		{380F4504-D6B6-4992-8AB7-9991F8A14ADC}.Release|Any CPU.Build.0 = Release|Any CPU
		{380F4504-D6B6-4992-8AB7-9991F8A14ADC}.Release|x64.ActiveCfg = Release|Any CPU
		{380F4504-D6B6-4992-8AB7-9991F8A14ADC}.Release|x64.Build.0 = Release|Any CPU
		{380F4504-D6B6-4992-8AB7-9991F8A14ADC}.Release|x86.ActiveCfg = Release|Any CPU
		{380F4504-D6B6-4992-8AB7-9991F8A14ADC}.Release|x86.Build.0 = Release|Any CPU
		{B5AA99D6-0944-4891-8961-A5974E8AA0B8}.Debug|Any CPU.ActiveCfg = Debug|Any CPU
		{B5AA99D6-0944-4891-8961-A5974E8AA0B8}.Debug|Any CPU.Build.0 = Debug|Any CPU
		{B5AA99D6-0944-4891-8961-A5974E8AA0B8}.Debug|x64.ActiveCfg = Debug|Any CPU
		{B5AA99D6-0944-4891-8961-A5974E8AA0B8}.Debug|x64.Build.0 = Debug|Any CPU
		{B5AA99D6-0944-4891-8961-A5974E8AA0B8}.Debug|x86.ActiveCfg = Debug|Any CPU
		{B5AA99D6-0944-4891-8961-A5974E8AA0B8}.Debug|x86.Build.0 = Debug|Any CPU
		{B5AA99D6-0944-4891-8961-A5974E8AA0B8}.Release|Any CPU.ActiveCfg = Release|Any CPU
		{B5AA99D6-0944-4891-8961-A5974E8AA0B8}.Release|Any CPU.Build.0 = Release|Any CPU
		{B5AA99D6-0944-4891-8961-A5974E8AA0B8}.Release|x64.ActiveCfg = Release|Any CPU
		{B5AA99D6-0944-4891-8961-A5974E8AA0B8}.Release|x64.Build.0 = Release|Any CPU
		{B5AA99D6-0944-4891-8961-A5974E8AA0B8}.Release|x86.ActiveCfg = Release|Any CPU
		{B5AA99D6-0944-4891-8961-A5974E8AA0B8}.Release|x86.Build.0 = Release|Any CPU
		{B2F6CB4E-AB7F-4D56-A4F8-95D7CFDC8F0F}.Debug|Any CPU.ActiveCfg = Debug|Any CPU
		{B2F6CB4E-AB7F-4D56-A4F8-95D7CFDC8F0F}.Debug|Any CPU.Build.0 = Debug|Any CPU
		{B2F6CB4E-AB7F-4D56-A4F8-95D7CFDC8F0F}.Debug|x64.ActiveCfg = Debug|Any CPU
		{B2F6CB4E-AB7F-4D56-A4F8-95D7CFDC8F0F}.Debug|x64.Build.0 = Debug|Any CPU
		{B2F6CB4E-AB7F-4D56-A4F8-95D7CFDC8F0F}.Debug|x86.ActiveCfg = Debug|Any CPU
		{B2F6CB4E-AB7F-4D56-A4F8-95D7CFDC8F0F}.Debug|x86.Build.0 = Debug|Any CPU
		{B2F6CB4E-AB7F-4D56-A4F8-95D7CFDC8F0F}.Release|Any CPU.ActiveCfg = Release|Any CPU
		{B2F6CB4E-AB7F-4D56-A4F8-95D7CFDC8F0F}.Release|Any CPU.Build.0 = Release|Any CPU
		{B2F6CB4E-AB7F-4D56-A4F8-95D7CFDC8F0F}.Release|x64.ActiveCfg = Release|Any CPU
		{B2F6CB4E-AB7F-4D56-A4F8-95D7CFDC8F0F}.Release|x64.Build.0 = Release|Any CPU
		{B2F6CB4E-AB7F-4D56-A4F8-95D7CFDC8F0F}.Release|x86.ActiveCfg = Release|Any CPU
		{B2F6CB4E-AB7F-4D56-A4F8-95D7CFDC8F0F}.Release|x86.Build.0 = Release|Any CPU
		{807E5CDD-89C4-4C12-BC61-7D8E1495FA3A}.Debug|Any CPU.ActiveCfg = Debug|Any CPU
		{807E5CDD-89C4-4C12-BC61-7D8E1495FA3A}.Debug|Any CPU.Build.0 = Debug|Any CPU
		{807E5CDD-89C4-4C12-BC61-7D8E1495FA3A}.Debug|x64.ActiveCfg = Debug|Any CPU
		{807E5CDD-89C4-4C12-BC61-7D8E1495FA3A}.Debug|x64.Build.0 = Debug|Any CPU
		{807E5CDD-89C4-4C12-BC61-7D8E1495FA3A}.Debug|x86.ActiveCfg = Debug|Any CPU
		{807E5CDD-89C4-4C12-BC61-7D8E1495FA3A}.Debug|x86.Build.0 = Debug|Any CPU
		{807E5CDD-89C4-4C12-BC61-7D8E1495FA3A}.Release|Any CPU.ActiveCfg = Release|Any CPU
		{807E5CDD-89C4-4C12-BC61-7D8E1495FA3A}.Release|Any CPU.Build.0 = Release|Any CPU
		{807E5CDD-89C4-4C12-BC61-7D8E1495FA3A}.Release|x64.ActiveCfg = Release|Any CPU
		{807E5CDD-89C4-4C12-BC61-7D8E1495FA3A}.Release|x64.Build.0 = Release|Any CPU
		{807E5CDD-89C4-4C12-BC61-7D8E1495FA3A}.Release|x86.ActiveCfg = Release|Any CPU
		{807E5CDD-89C4-4C12-BC61-7D8E1495FA3A}.Release|x86.Build.0 = Release|Any CPU
		{6949209E-BF1E-43C3-8559-97E52FF0A186}.Debug|Any CPU.ActiveCfg = Debug|Any CPU
		{6949209E-BF1E-43C3-8559-97E52FF0A186}.Debug|Any CPU.Build.0 = Debug|Any CPU
		{6949209E-BF1E-43C3-8559-97E52FF0A186}.Debug|x64.ActiveCfg = Debug|Any CPU
		{6949209E-BF1E-43C3-8559-97E52FF0A186}.Debug|x64.Build.0 = Debug|Any CPU
		{6949209E-BF1E-43C3-8559-97E52FF0A186}.Debug|x86.ActiveCfg = Debug|Any CPU
		{6949209E-BF1E-43C3-8559-97E52FF0A186}.Debug|x86.Build.0 = Debug|Any CPU
		{6949209E-BF1E-43C3-8559-97E52FF0A186}.Release|Any CPU.ActiveCfg = Release|Any CPU
		{6949209E-BF1E-43C3-8559-97E52FF0A186}.Release|Any CPU.Build.0 = Release|Any CPU
		{6949209E-BF1E-43C3-8559-97E52FF0A186}.Release|x64.ActiveCfg = Release|Any CPU
		{6949209E-BF1E-43C3-8559-97E52FF0A186}.Release|x64.Build.0 = Release|Any CPU
		{6949209E-BF1E-43C3-8559-97E52FF0A186}.Release|x86.ActiveCfg = Release|Any CPU
		{6949209E-BF1E-43C3-8559-97E52FF0A186}.Release|x86.Build.0 = Release|Any CPU
		{DD78132E-9855-48D9-A314-D8249259C5EF}.Debug|Any CPU.ActiveCfg = Debug|Any CPU
		{DD78132E-9855-48D9-A314-D8249259C5EF}.Debug|Any CPU.Build.0 = Debug|Any CPU
		{DD78132E-9855-48D9-A314-D8249259C5EF}.Debug|x64.ActiveCfg = Debug|Any CPU
		{DD78132E-9855-48D9-A314-D8249259C5EF}.Debug|x64.Build.0 = Debug|Any CPU
		{DD78132E-9855-48D9-A314-D8249259C5EF}.Debug|x86.ActiveCfg = Debug|Any CPU
		{DD78132E-9855-48D9-A314-D8249259C5EF}.Debug|x86.Build.0 = Debug|Any CPU
		{DD78132E-9855-48D9-A314-D8249259C5EF}.Release|Any CPU.ActiveCfg = Release|Any CPU
		{DD78132E-9855-48D9-A314-D8249259C5EF}.Release|Any CPU.Build.0 = Release|Any CPU
		{DD78132E-9855-48D9-A314-D8249259C5EF}.Release|x64.ActiveCfg = Release|Any CPU
		{DD78132E-9855-48D9-A314-D8249259C5EF}.Release|x64.Build.0 = Release|Any CPU
		{DD78132E-9855-48D9-A314-D8249259C5EF}.Release|x86.ActiveCfg = Release|Any CPU
		{DD78132E-9855-48D9-A314-D8249259C5EF}.Release|x86.Build.0 = Release|Any CPU
	EndGlobalSection
	GlobalSection(NestedProjects) = preSolution
		{380F4504-D6B6-4992-8AB7-9991F8A14ADC} = {2F636413-3FC2-4683-BD6F-0C4B396DC361}
		{B5AA99D6-0944-4891-8961-A5974E8AA0B8} = {2F636413-3FC2-4683-BD6F-0C4B396DC361}
		{B2F6CB4E-AB7F-4D56-A4F8-95D7CFDC8F0F} = {2F636413-3FC2-4683-BD6F-0C4B396DC361}
		{807E5CDD-89C4-4C12-BC61-7D8E1495FA3A} = {2F636413-3FC2-4683-BD6F-0C4B396DC361}
		{6949209E-BF1E-43C3-8559-97E52FF0A186} = {2F636413-3FC2-4683-BD6F-0C4B396DC361}
		{DD78132E-9855-48D9-A314-D8249259C5EF} = {2F636413-3FC2-4683-BD6F-0C4B396DC361}
	EndGlobalSection
EndGlobal
