github.com/BurntSushi/toml v0.3.1/go.mod h1:xHWCNGjB5oqiDr8zfno3MHue2Ht5sIBksp03qcyfWMU=
github.com/Masterminds/semver/v3 v3.1.1 h1:hLg3sBzpNErnxhQtUy/mmLR2I9foDujNK030IGemrRc=
github.com/Masterminds/semver/v3 v3.1.1/go.mod h1:VPu/7SZ7ePZ3QOrcuXROw5FAcLl4a0cBrbBpGY/8hQs=
github.com/aws/aws-cdk-go/awscdk/v2 v2.38.0 h1:5i7OpZGUPTSLxM426JEzf5bYwn4E4v1Zg6hCi7HA7SM=
github.com/aws/aws-cdk-go/awscdk/v2 v2.38.0/go.mod h1:rNrZ+WbqCuPfpUrMcDmrEOel9ZlMCy2+E0iyNCJjS+4=
github.com/aws/aws-cdk-go/awscdkapigatewayv2alpha/v2 v2.38.0-alpha.0 h1:wllowMwgKRXmzkqsBzKhcpSAUDS//avPjyUmpt4ipa8=
github.com/aws/aws-cdk-go/awscdkapigatewayv2alpha/v2 v2.38.0-alpha.0/go.mod h1:NIdPCnnShFqB1aHgFBBKMfeTqRzZCwNKQT6SoV0tymE=
github.com/aws/aws-cdk-go/awscdkapigatewayv2integrationsalpha/v2 v2.38.0-alpha.0 h1:BZajWmHreU40AVYphgaaYUgJXS6PjlwU8gDKb1aOZH4=
github.com/aws/aws-cdk-go/awscdkapigatewayv2integrationsalpha/v2 v2.38.0-alpha.0/go.mod h1:tJ2Rjz5LBjSbPJCqsgEM0FpZZ8VSO/kaVSodCWZvsXA=
github.com/aws/aws-cdk-go/awscdklambdagoalpha/v2 v2.38.0-alpha.0 h1:/BE5QRT2TjqW/ZLMmbpNrinoBd64ZtdB6pRqvuIVhjc=
github.com/aws/aws-cdk-go/awscdklambdagoalpha/v2 v2.38.0-alpha.0/go.mod h1:PxWR02m7rSMS1pzw/OLS/L6bqAMQt1TKRaH7uwmts8w=
github.com/aws/aws-lambda-go v1.28.0 h1:fZiik1PZqW2IyAN4rj+Y0UBaO1IDFlsNo9Zz/XnArK4=
github.com/aws/aws-lambda-go v1.28.0/go.mod h1:jJmlefzPfGnckuHdXX7/80O3BvUUi12XOkbv4w9SGLU=
github.com/aws/constructs-go/constructs/v10 v10.1.71/go.mod h1:nJzXC/q76n0XkbL76eG0OvJQwbD/lWc7sjerJEARubA=
github.com/aws/constructs-go/constructs/v10 v10.1.75 h1:9EquUmnQukoWmx+3uWtpWSeTuRVByjqS6GLDEoR62x0=
github.com/aws/constructs-go/constructs/v10 v10.1.75/go.mod h1:SqKMUVAlGEmcw+6dzpqhMyc76I6hqDKDJh/roKipeNU=
github.com/aws/jsii-runtime-go v1.63.2/go.mod h1:Dq2QkYFSpiHGabsCBMmLnnGkyx3lnf5k6C6fq8RN/90=
github.com/aws/jsii-runtime-go v1.64.0 h1:B0OuI1is3nl+NwxBGfUPHYA6Z4fhYaBrv15gCjVXOCU=
github.com/aws/jsii-runtime-go v1.64.0/go.mod h1:Dq2QkYFSpiHGabsCBMmLnnGkyx3lnf5k6C6fq8RN/90=
github.com/cpuguy83/go-md2man/v2 v2.0.0-20190314233015-f79a8a8ca69d/go.mod h1:maD7wRr/U5Z6m/iR4s+kqSMx2CaBsrgA7czyZG/E6dU=
github.com/cpuguy83/go-md2man/v2 v2.0.0/go.mod h1:maD7wRr/U5Z6m/iR4s+kqSMx2CaBsrgA7czyZG/E6dU=
github.com/davecgh/go-spew v1.1.0/go.mod h1:J7Y8YcW2NihsgmVo/mv3lAwl/skON4iLHjSsI+c5H38=
github.com/davecgh/go-spew v1.1.1 h1:vj9j/u1bqnvCEfJOwUhtlOARqs3+rkHYY13jYWTU97c=
github.com/davecgh/go-spew v1.1.1/go.mod h1:J7Y8YcW2NihsgmVo/mv3lAwl/skON4iLHjSsI+c5H38=
github.com/pmezard/go-difflib v1.0.0 h1:4DBwDE0NGyQoBHbLQYPwSUPoCMWR5BEzIk/f1lZbAQM=
github.com/pmezard/go-difflib v1.0.0/go.mod h1:iKH77koFhYxTK1pcRnkKkqfTogsbg7gZNVY4sRDYZ/4=
github.com/russross/blackfriday/v2 v2.0.1/go.mod h1:+Rmxgy9KzJVeS9/2gXHxylqXiyQDYRxCVz55jmeOWTM=
github.com/shurcooL/sanitized_anchor_name v1.0.0/go.mod h1:1NzhyTcUVG4SuEtjjoZeVRXNmyL/1OwPU0+IJeTBvfc=
github.com/stretchr/objx v0.1.0/go.mod h1:HFkY916IF+rwdDfMAkV7OtwuqBVzrE8GR6GFx+wExME=
github.com/stretchr/objx v0.4.0/go.mod h1:YvHI0jy2hoMjB+UWwv71VJQ9isScKT/TqJzVSSt89Yw=
github.com/stretchr/testify v1.6.1/go.mod h1:6Fq8oRcR53rry900zMqJjRRixrwX3KX962/h/Wwjteg=
github.com/stretchr/testify v1.7.1/go.mod h1:6Fq8oRcR53rry900zMqJjRRixrwX3KX962/h/Wwjteg=
github.com/stretchr/testify v1.8.0 h1:pSgiaMZlXftHpm5L7V1+rVB+AZJydKsMxsQBIJw4PKk=
github.com/stretchr/testify v1.8.0/go.mod h1:yNjHg4UonilssWZ8iaSj1OCr/vHnekPRkoO+kdMU+MU=
github.com/urfave/cli/v2 v2.2.0/go.mod h1:SE9GqnLQmjVa0iPEY0f1w3ygNIYcIJ0OKPMoW2caLfQ=
gopkg.in/check.v1 v0.0.0-20161208181325-20d25e280405/go.mod h1:Co6ibVJAznAaIkqp8huTwlJQCZ016jof/cbN4VW5Yz0=
gopkg.in/yaml.v2 v2.2.2/go.mod h1:hI93XBmqTisBFMUTm0b8Fm+jr3Dg1NNxqwp+5A1VGuI=
gopkg.in/yaml.v3 v3.0.0-20200313102051-9f266ea9e77c/go.mod h1:K4uyk7z7BCEPqu6E+C64Yfv1cQ7kz7rIZviUmN+EgEM=
gopkg.in/yaml.v3 v3.0.0-20200615113413-eeeca48fe776/go.mod h1:K4uyk7z7BCEPqu6E+C64Yfv1cQ7kz7rIZviUmN+EgEM=
gopkg.in/yaml.v3 v3.0.1 h1:fxVm/GzAzEWqLHuvctI91KS9hhNmmWOoWu0XTYJS7CA=
gopkg.in/yaml.v3 v3.0.1/go.mod h1:K4uyk7z7BCEPqu6E+C64Yfv1cQ7kz7rIZviUmN+EgEM=
