{
  "name": "fargate-load-balanced-service",
  "version": "0.25.1",
  "lockfileVersion": 1,
  "requires": true,
  "dependencies": {
    "@aws-cdk/assets": {
      "version": "0.25.1",
      "resolved": "https://registry.npmjs.org/@aws-cdk/assets/-/assets-0.25.1.tgz",
      "integrity": "sha512-1f8GY1kC5R9EPH0WBwUUMdH2TLUVpplQXXysB3CjbcLD4rhoWAvv0IeK4CZtnXMdoVPy1bb7BF4OZs4xcpNkPg==",
      "requires": {
        "@aws-cdk/aws-iam": "^0.25.1",
        "@aws-cdk/aws-s3": "^0.25.1",
        "@aws-cdk/cdk": "^0.25.1",
        "@aws-cdk/cx-api": "^0.25.1"
      }
    },
    "@aws-cdk/assets-docker": {
      "version": "0.25.1",
      "resolved": "https://registry.npmjs.org/@aws-cdk/assets-docker/-/assets-docker-0.25.1.tgz",
      "integrity": "sha512-wlSEB5Y2njkxmfPbvtSJK0zII/PZ4e5D0RWssS+z5+dt4Q3tu2YLRO0RJE++BgrX83eg3i7Xpr+lZN162WZvxQ==",
      "requires": {
        "@aws-cdk/aws-cloudformation": "^0.25.1",
        "@aws-cdk/aws-ecr": "^0.25.1",
        "@aws-cdk/aws-iam": "^0.25.1",
        "@aws-cdk/aws-lambda": "^0.25.1",
        "@aws-cdk/aws-s3": "^0.25.1",
        "@aws-cdk/cdk": "^0.25.1",
        "@aws-cdk/cx-api": "^0.25.1"
      }
    },
    "@aws-cdk/aws-applicationautoscaling": {
      "version": "0.25.1",
      "resolved": "https://registry.npmjs.org/@aws-cdk/aws-applicationautoscaling/-/aws-applicationautoscaling-0.25.1.tgz",
      "integrity": "sha512-vyQbJfhkh9OMVuzPQGAUoWJ5Q2bOmn6HQg+DgeoHzKLjjLzZ92CaBbn0iU1ciVRH7PQ5oYX/on2Sy5/EU3EXmQ==",
      "requires": {
        "@aws-cdk/aws-autoscaling-common": "^0.25.1",
        "@aws-cdk/aws-cloudwatch": "^0.25.1",
        "@aws-cdk/aws-iam": "^0.25.1",
        "@aws-cdk/cdk": "^0.25.1"
      }
    },
    "@aws-cdk/aws-autoscaling": {
      "version": "0.25.1",
      "resolved": "https://registry.npmjs.org/@aws-cdk/aws-autoscaling/-/aws-autoscaling-0.25.1.tgz",
      "integrity": "sha512-fGfYKNZTPA0pEB6LKd/WN3QSeD5UKZyWPuuXNb5ZTrxdXowhuDY5X/N1sZSSK4v98v7jYmppsxW1bpjBnFEvsw==",
      "requires": {
        "@aws-cdk/aws-autoscaling-api": "^0.25.1",
        "@aws-cdk/aws-autoscaling-common": "^0.25.1",
        "@aws-cdk/aws-cloudwatch": "^0.25.1",
        "@aws-cdk/aws-ec2": "^0.25.1",
        "@aws-cdk/aws-elasticloadbalancing": "^0.25.1",
        "@aws-cdk/aws-elasticloadbalancingv2": "^0.25.1",
        "@aws-cdk/aws-iam": "^0.25.1",
        "@aws-cdk/aws-sns": "^0.25.1",
        "@aws-cdk/cdk": "^0.25.1"
      }
    },
    "@aws-cdk/aws-autoscaling-api": {
      "version": "0.25.1",
      "resolved": "https://registry.npmjs.org/@aws-cdk/aws-autoscaling-api/-/aws-autoscaling-api-0.25.1.tgz",
      "integrity": "sha512-c+W6YA4qrJQpa+z2H0q49kzVjuSL6WMuh48HkjXRpHyabHS3fc0NKvDpPRZlumYLaDFAeGuTzXB1ZI2gBqSnOw==",
      "requires": {
        "@aws-cdk/aws-iam": "^0.25.1",
        "@aws-cdk/cdk": "^0.25.1"
      }
    },
    "@aws-cdk/aws-autoscaling-common": {
      "version": "0.25.1",
      "resolved": "https://registry.npmjs.org/@aws-cdk/aws-autoscaling-common/-/aws-autoscaling-common-0.25.1.tgz",
      "integrity": "sha512-At6pCSvNlEWTI6JCxOo4zR0E0OQMrqFe9T0bG5gizv7rWMJOcRXIFDPE/ieMtg9SqQ9bZbxhVqQugebsksdurw==",
      "requires": {
        "@aws-cdk/aws-iam": "^0.25.1",
        "@aws-cdk/cdk": "^0.25.1"
      }
    },
    "@aws-cdk/aws-certificatemanager": {
      "version": "0.25.1",
      "resolved": "https://registry.npmjs.org/@aws-cdk/aws-certificatemanager/-/aws-certificatemanager-0.25.1.tgz",
      "integrity": "sha512-SBcpd47dGN4ePvaWRzIhiJPCX8RhFoUatBbuUtMtT/Dtvfr6b+MIJGScaMEaS3OHusXT+zNiXdXiYsG9g8txtQ==",
      "requires": {
        "@aws-cdk/aws-iam": "^0.25.1",
        "@aws-cdk/cdk": "^0.25.1"
      }
    },
    "@aws-cdk/aws-cloudformation": {
      "version": "0.25.1",
      "resolved": "https://registry.npmjs.org/@aws-cdk/aws-cloudformation/-/aws-cloudformation-0.25.1.tgz",
      "integrity": "sha512-mFl9lusTDXAKbaqrbNC3Nat6K6Li7gqhex8h20eACf3WMHAN55PT7gz88eQzaqOHKtrX6ob5f1cap6Gz3jeb+A==",
      "requires": {
        "@aws-cdk/aws-codepipeline-api": "^0.25.1",
        "@aws-cdk/aws-iam": "^0.25.1",
        "@aws-cdk/aws-lambda": "^0.25.1",
        "@aws-cdk/aws-sns": "^0.25.1",
        "@aws-cdk/cdk": "^0.25.1"
      }
    },
    "@aws-cdk/aws-cloudwatch": {
      "version": "0.25.1",
      "resolved": "https://registry.npmjs.org/@aws-cdk/aws-cloudwatch/-/aws-cloudwatch-0.25.1.tgz",
      "integrity": "sha512-rn8AWU34YZOLGvnO3vi6RsZfEbr9sLGn8vBQP7LqovJWbWnRyUlNAo+5RkP/IM+pZHwy1G5EE4dHr1Nl9TJ1ug==",
      "requires": {
        "@aws-cdk/aws-iam": "^0.25.1",
        "@aws-cdk/cdk": "^0.25.1"
      }
    },
    "@aws-cdk/aws-codedeploy-api": {
      "version": "0.25.1",
      "resolved": "https://registry.npmjs.org/@aws-cdk/aws-codedeploy-api/-/aws-codedeploy-api-0.25.1.tgz",
      "integrity": "sha512-LvmtvuQ7JM5Pi4z/uWebY7sEOrYb81XUWaQrzNLYg4j2H3dT/W0e4I3HHUpUOdu4FaC1y6SGQSofFTN3J8yASw==",
      "requires": {
        "@aws-cdk/cdk": "^0.25.1"
      }
    },
    "@aws-cdk/aws-codepipeline-api": {
      "version": "0.25.1",
      "resolved": "https://registry.npmjs.org/@aws-cdk/aws-codepipeline-api/-/aws-codepipeline-api-0.25.1.tgz",
      "integrity": "sha512-Ul6505ypwulAY00/x/cTOLUGmcrpAHMk2i6VwU2reJ5ODSsCm9jEDpl6z0cJTo4hnhkIm4zhD0OjF4JyYmhYRA==",
      "requires": {
        "@aws-cdk/aws-events": "^0.25.1",
        "@aws-cdk/aws-iam": "^0.25.1",
        "@aws-cdk/cdk": "^0.25.1"
      }
    },
    "@aws-cdk/aws-ec2": {
      "version": "0.25.1",
      "resolved": "https://registry.npmjs.org/@aws-cdk/aws-ec2/-/aws-ec2-0.25.1.tgz",
      "integrity": "sha512-V98CaEIF3vd8tDCgR1ivrcwCxpgUuAqUJR4lCYAbCZWSJNzdhncEhlRfdBScoE2toCnScYk2j0Ce4PNCyE17Ng==",
      "requires": {
        "@aws-cdk/aws-iam": "^0.25.1",
        "@aws-cdk/cdk": "^0.25.1",
        "@aws-cdk/cx-api": "^0.25.1"
      }
    },
    "@aws-cdk/aws-ecr": {
      "version": "0.25.1",
      "resolved": "https://registry.npmjs.org/@aws-cdk/aws-ecr/-/aws-ecr-0.25.1.tgz",
      "integrity": "sha512-LemPOjrcqyO148ZyWhptRDnhnNgSp04tlAiz3/5Krga32xp50hY2dqjzztvBSGJA3bDiAYqWPCPofWWbQ5Lo6g==",
      "requires": {
        "@aws-cdk/aws-codepipeline-api": "^0.25.1",
        "@aws-cdk/aws-events": "^0.25.1",
        "@aws-cdk/aws-iam": "^0.25.1",
        "@aws-cdk/cdk": "^0.25.1"
      }
    },
    "@aws-cdk/aws-ecs": {
      "version": "0.25.1",
      "resolved": "https://registry.npmjs.org/@aws-cdk/aws-ecs/-/aws-ecs-0.25.1.tgz",
      "integrity": "sha512-ASiqMJ0cTb5Cp3NBGVh90rZ486TEuy34dfRZdQPbGZj4pOsN2LNqSOO0TjLQpaxBUIKVg9L2LzsPHguEhvfdxw==",
      "requires": {
        "@aws-cdk/assets-docker": "^0.25.1",
        "@aws-cdk/aws-applicationautoscaling": "^0.25.1",
        "@aws-cdk/aws-autoscaling": "^0.25.1",
        "@aws-cdk/aws-certificatemanager": "^0.25.1",
        "@aws-cdk/aws-cloudformation": "^0.25.1",
        "@aws-cdk/aws-cloudwatch": "^0.25.1",
        "@aws-cdk/aws-ec2": "^0.25.1",
        "@aws-cdk/aws-ecr": "^0.25.1",
        "@aws-cdk/aws-elasticloadbalancing": "^0.25.1",
        "@aws-cdk/aws-elasticloadbalancingv2": "^0.25.1",
        "@aws-cdk/aws-events": "^0.25.1",
        "@aws-cdk/aws-iam": "^0.25.1",
        "@aws-cdk/aws-lambda": "^0.25.1",
        "@aws-cdk/aws-logs": "^0.25.1",
        "@aws-cdk/aws-route53": "^0.25.1",
        "@aws-cdk/aws-sns": "^0.25.1",
        "@aws-cdk/cdk": "^0.25.1",
        "@aws-cdk/cx-api": "^0.25.1"
      }
    },
    "@aws-cdk/aws-elasticloadbalancing": {
      "version": "0.25.1",
      "resolved": "https://registry.npmjs.org/@aws-cdk/aws-elasticloadbalancing/-/aws-elasticloadbalancing-0.25.1.tgz",
      "integrity": "sha512-S275Vy2iFFUJCnxaQyTh+zTSfojDaAWciqKTzNTHMfFOoFmZ53nUU31YwaRC17d0XLAbi7xep8PXnhfkaYJxSw==",
      "requires": {
        "@aws-cdk/aws-codedeploy-api": "^0.25.1",
        "@aws-cdk/aws-ec2": "^0.25.1",
        "@aws-cdk/cdk": "^0.25.1"
      }
    },
    "@aws-cdk/aws-elasticloadbalancingv2": {
      "version": "0.25.1",
      "resolved": "https://registry.npmjs.org/@aws-cdk/aws-elasticloadbalancingv2/-/aws-elasticloadbalancingv2-0.25.1.tgz",
      "integrity": "sha512-9y5X5LpcKUFkTyIp/oMXvCCiNgQVF4g4plDYGQakMnF6rpc+0UQ0C0h/q+tgdxhY9Vgv8n5Gvb1BQtDakJ6e+g==",
      "requires": {
        "@aws-cdk/aws-cloudwatch": "^0.25.1",
        "@aws-cdk/aws-codedeploy-api": "^0.25.1",
        "@aws-cdk/aws-ec2": "^0.25.1",
        "@aws-cdk/aws-iam": "^0.25.1",
        "@aws-cdk/aws-route53": "^0.25.1",
        "@aws-cdk/aws-s3": "^0.25.1",
        "@aws-cdk/cdk": "^0.25.1"
      }
    },
    "@aws-cdk/aws-events": {
      "version": "0.25.1",
      "resolved": "https://registry.npmjs.org/@aws-cdk/aws-events/-/aws-events-0.25.1.tgz",
      "integrity": "sha512-zRKTuR0M6koPV9J+UjTZVwLxFucSHVswXHNgWpp60fKz3t2FcGDJcyWvABTniiq3yvLu+y/YaG3Lu+Zw0z7PAg==",
      "requires": {
        "@aws-cdk/aws-iam": "^0.25.1",
        "@aws-cdk/cdk": "^0.25.1"
      }
    },
    "@aws-cdk/aws-iam": {
      "version": "0.25.1",
      "resolved": "https://registry.npmjs.org/@aws-cdk/aws-iam/-/aws-iam-0.25.1.tgz",
      "integrity": "sha512-RUw0hmSthIH4gW+OnMhs5OVRJSxh2uUIWO1KON2qrBIJyBC6Kz8S+k93f8knVHRFnFr4Y/dVi1DVtlO81hp7Mw==",
      "requires": {
        "@aws-cdk/cdk": "^0.25.1"
      }
    },
    "@aws-cdk/aws-kms": {
      "version": "0.25.1",
      "resolved": "https://registry.npmjs.org/@aws-cdk/aws-kms/-/aws-kms-0.25.1.tgz",
      "integrity": "sha512-8+HdK/XsaR1ReTl4kxAF8bU2wrs8qe1RXYdhIN4DrysD3VvnpVIX9KAHQ9vlskf75oCWhZ7ieayZL0HhfSGmeg==",
      "requires": {
        "@aws-cdk/aws-iam": "^0.25.1",
        "@aws-cdk/cdk": "^0.25.1"
      }
    },
    "@aws-cdk/aws-lambda": {
      "version": "0.25.1",
      "resolved": "https://registry.npmjs.org/@aws-cdk/aws-lambda/-/aws-lambda-0.25.1.tgz",
      "integrity": "sha512-iwSf/ooPQwWBlLoQ0kMOIOiZ5Tk3jnqkeBw4cT+7yDhjLL2dDcOcbW5HNupgPYmwauPPg8dBWqpLQtSD95+yLw==",
      "requires": {
        "@aws-cdk/assets": "^0.25.1",
        "@aws-cdk/aws-cloudwatch": "^0.25.1",
        "@aws-cdk/aws-codepipeline-api": "^0.25.1",
        "@aws-cdk/aws-ec2": "^0.25.1",
        "@aws-cdk/aws-events": "^0.25.1",
        "@aws-cdk/aws-iam": "^0.25.1",
        "@aws-cdk/aws-logs": "^0.25.1",
        "@aws-cdk/aws-s3": "^0.25.1",
        "@aws-cdk/aws-s3-notifications": "^0.25.1",
        "@aws-cdk/aws-sqs": "^0.25.1",
        "@aws-cdk/aws-stepfunctions": "^0.25.1",
        "@aws-cdk/cdk": "^0.25.1",
        "@aws-cdk/cx-api": "^0.25.1"
      }
    },
    "@aws-cdk/aws-logs": {
      "version": "0.25.1",
      "resolved": "https://registry.npmjs.org/@aws-cdk/aws-logs/-/aws-logs-0.25.1.tgz",
      "integrity": "sha512-bSDaG+0x7gziOMTl5xIaYloY5daZIfb0V8QfmuvH9ceR0tiMIEdIs7a3H5gZMNgO+7/rzVD5fIMVCCRXebRoNQ==",
      "requires": {
        "@aws-cdk/aws-cloudwatch": "^0.25.1",
        "@aws-cdk/aws-iam": "^0.25.1",
        "@aws-cdk/cdk": "^0.25.1"
      }
    },
    "@aws-cdk/aws-route53": {
      "version": "0.25.1",
      "resolved": "https://registry.npmjs.org/@aws-cdk/aws-route53/-/aws-route53-0.25.1.tgz",
      "integrity": "sha512-5r9/A37DceA5d3J9MtgzxhbOapGxxM7SK+LdC1Qjb3YHFX9KzqwyCfZPLr2kWe5SPS292tnNrvTqAQkEYo3XSA==",
      "requires": {
        "@aws-cdk/aws-ec2": "^0.25.1",
        "@aws-cdk/aws-logs": "^0.25.1",
        "@aws-cdk/cdk": "^0.25.1",
        "@aws-cdk/cx-api": "^0.25.1"
      }
    },
    "@aws-cdk/aws-s3": {
      "version": "0.25.1",
      "resolved": "https://registry.npmjs.org/@aws-cdk/aws-s3/-/aws-s3-0.25.1.tgz",
      "integrity": "sha512-+5HBs7hYIIqduNWhTxYV635MhXAFT/hsqAV7AKITlrjAX8Ea7OZHJwlFQI1u81u0rCIZNGL2pCvD/fvHm1SlKg==",
      "requires": {
        "@aws-cdk/aws-codepipeline-api": "^0.25.1",
        "@aws-cdk/aws-events": "^0.25.1",
        "@aws-cdk/aws-iam": "^0.25.1",
        "@aws-cdk/aws-kms": "^0.25.1",
        "@aws-cdk/aws-s3-notifications": "^0.25.1",
        "@aws-cdk/cdk": "^0.25.1"
      }
    },
    "@aws-cdk/aws-s3-notifications": {
      "version": "0.25.1",
      "resolved": "https://registry.npmjs.org/@aws-cdk/aws-s3-notifications/-/aws-s3-notifications-0.25.1.tgz",
      "integrity": "sha512-lyoho+OOqSeizJP4nbuH5QPnae85AeaqgbhwRBYsnD7b6uZTI8iUvFd8qcYSRbxH4VZMpg0Hx8N3oeG2JvBz0Q==",
      "requires": {
        "@aws-cdk/cdk": "^0.25.1"
      }
    },
    "@aws-cdk/aws-sns": {
      "version": "0.25.1",
      "resolved": "https://registry.npmjs.org/@aws-cdk/aws-sns/-/aws-sns-0.25.1.tgz",
      "integrity": "sha512-hr/tMW4tv6xIm8lnwHdpsw55Qdxf+HXABNZCiMQwUGvJE8xw84unbBKrE82ZHXFJMLt1cJ0i8+jh0wLm9CcoVA==",
      "requires": {
        "@aws-cdk/aws-autoscaling-api": "^0.25.1",
        "@aws-cdk/aws-cloudwatch": "^0.25.1",
        "@aws-cdk/aws-events": "^0.25.1",
        "@aws-cdk/aws-iam": "^0.25.1",
        "@aws-cdk/aws-lambda": "^0.25.1",
        "@aws-cdk/aws-s3-notifications": "^0.25.1",
        "@aws-cdk/aws-sqs": "^0.25.1",
        "@aws-cdk/cdk": "^0.25.1"
      }
    },
    "@aws-cdk/aws-sqs": {
      "version": "0.25.1",
      "resolved": "https://registry.npmjs.org/@aws-cdk/aws-sqs/-/aws-sqs-0.25.1.tgz",
      "integrity": "sha512-qZG+CjW125r4nsZsHzkvoLFnpVUlQ6fBzlC6ctRsMT4b46QbidEDS4uJrd1a9Z1Iw+x3EnqtYuAnHu9hS8ev+w==",
      "requires": {
        "@aws-cdk/aws-autoscaling-api": "^0.25.1",
        "@aws-cdk/aws-cloudwatch": "^0.25.1",
        "@aws-cdk/aws-iam": "^0.25.1",
        "@aws-cdk/aws-kms": "^0.25.1",
        "@aws-cdk/aws-s3-notifications": "^0.25.1",
        "@aws-cdk/cdk": "^0.25.1"
      }
    },
    "@aws-cdk/aws-stepfunctions": {
      "version": "0.25.1",
      "resolved": "https://registry.npmjs.org/@aws-cdk/aws-stepfunctions/-/aws-stepfunctions-0.25.1.tgz",
      "integrity": "sha512-9XGBE6M4ZP8KtGqJxtf4KlGLTJzRaB4WzOODmWjPg76E92/viEMdjKAfhGLv08zdZCsqFXpujykqXu2T0Dh8Fg==",
      "requires": {
        "@aws-cdk/aws-cloudwatch": "^0.25.1",
        "@aws-cdk/aws-events": "^0.25.1",
        "@aws-cdk/aws-iam": "^0.25.1",
        "@aws-cdk/cdk": "^0.25.1"
      }
    },
    "@aws-cdk/cdk": {
      "version": "0.25.1",
      "resolved": "https://registry.npmjs.org/@aws-cdk/cdk/-/cdk-0.25.1.tgz",
      "integrity": "sha512-VBYTBg49AksMsriLHs9z9zILkOme/BJsWy0dwPAOdr8Ldf2/U3w266foFQ8Y9ZgZJU82Ymds55XkYr7m9h7RTQ==",
      "requires": {
        "@aws-cdk/cx-api": "^0.25.1",
        "js-base64": "^2.4.5",
        "json-diff": "^0.3.1"
      },
      "dependencies": {
        "cli-color": {
          "version": "0.1.7",
          "bundled": true,
          "requires": {
            "es5-ext": "0.8.x"
          }
        },
        "difflib": {
          "version": "0.2.4",
          "bundled": true,
          "requires": {
            "heap": ">= 0.2.0"
          }
        },
        "dreamopt": {
          "version": "0.6.0",
          "bundled": true,
          "requires": {
            "wordwrap": ">=0.0.2"
          }
        },
        "es5-ext": {
          "version": "0.8.2",
          "bundled": true
        },
        "heap": {
          "version": "0.2.6",
          "bundled": true
        },
        "js-base64": {
          "version": "2.5.1",
          "bundled": true
        },
        "json-diff": {
          "version": "0.3.1",
          "bundled": true,
          "requires": {
            "cli-color": "~0.1.6",
            "difflib": "~0.2.1",
            "dreamopt": "~0.6.0"
          }
        },
        "wordwrap": {
          "version": "1.0.0",
          "bundled": true
        }
      }
    },
    "@aws-cdk/cx-api": {
      "version": "0.25.1",
      "resolved": "https://registry.npmjs.org/@aws-cdk/cx-api/-/cx-api-0.25.1.tgz",
      "integrity": "sha512-FabpsXDSa7ijYphDluewDVWTE0PjwYCKoKmYiwCURxGaaSAPigRgvOPGaD8uXO9cNh8HqNd/Yv+wAPM9nZBJCg=="
    },
    "@types/node": {
      "version": "8.10.39",
      "resolved": "https://registry.npmjs.org/@types/node/-/node-8.10.39.tgz",
      "integrity": "sha512-rE7fktr02J8ybFf6eysife+WF+L4sAHWzw09DgdCebEu+qDwMvv4zl6Bc+825ttGZP73kCKxa3dhJOoGJ8+5mA==",
      "dev": true
    },
    "typescript": {
      "version": "3.3.1",
      "resolved": "https://registry.npmjs.org/typescript/-/typescript-3.3.1.tgz",
      "integrity": "sha512-cTmIDFW7O0IHbn1DPYjkiebHxwtCMU+eTy30ZtJNBPF9j2O1ITu5XH2YnBeVRKWHqF+3JQwWJv0Q0aUgX8W7IA==",
      "dev": true
    }
  }
}
