github.com/aws/aws-cdk-go/awscdk/v2 v2.100.0/go.mod h1:YiTDqGNUGWRyjTxk8ARq25G+b0UI9K++5pnJRcyc/8s=
github.com/aws/aws-sdk-go-v2 v1.21.1 h1:wjHYshtPpYOZm+/mu3NhVgRRc0baM6LJZOmxPZ5Cwzs=
github.com/aws/aws-sdk-go-v2 v1.21.1/go.mod h1:ErQhvNuEMhJjweavOYhxVkn2RUx7kQXVATHrjKtxIpM=
github.com/aws/aws-sdk-go-v2/aws/protocol/eventstream v1.4.14 h1:Sc82v7tDQ/vdU1WtuSyzZ1I7y/68j//HJ6uozND1IDs=
github.com/aws/aws-sdk-go-v2/aws/protocol/eventstream v1.4.14/go.mod h1:9NCTOURS8OpxvoAVHq79LK81/zC78hfRWFn+aL0SPcY=
github.com/aws/aws-sdk-go-v2/config v1.18.44 h1:U10NQ3OxiY0dGGozmVIENIDnCT0W432PWxk2VO8wGnY=
github.com/aws/aws-sdk-go-v2/config v1.18.44/go.mod h1:pHxnQBldd0heEdJmolLBk78D1Bf69YnKLY3LOpFImlU=
github.com/aws/aws-sdk-go-v2/credentials v1.13.42 h1:KMkjpZqcMOwtRHChVlHdNxTUUAC6NC/b58mRZDIdcRg=
github.com/aws/aws-sdk-go-v2/credentials v1.13.42/go.mod h1:7ltKclhvEB8305sBhrpls24HGxORl6qgnQqSJ314Uw8=
github.com/aws/aws-sdk-go-v2/feature/ec2/imds v1.13.12 h1:3j5lrl9kVQrJ1BU4O0z7MQ8sa+UXdiLuo4j0V+odNI8=
github.com/aws/aws-sdk-go-v2/feature/ec2/imds v1.13.12/go.mod h1:JbFpcHDBdsex1zpIKuVRorZSQiZEyc3MykNCcjgz174=
github.com/aws/aws-sdk-go-v2/internal/configsources v1.1.42 h1:817VqVe6wvwE46xXy6YF5RywvjOX6U2zRQQ6IbQFK0s=
github.com/aws/aws-sdk-go-v2/internal/configsources v1.1.42/go.mod h1:oDfgXoBBmj+kXnqxDDnIDnC56QBosglKp8ftRCTxR+0=
github.com/aws/aws-sdk-go-v2/internal/endpoints/v2 v2.4.36 h1:7ZApaXzWbo8slc+W5TynuUlB4z66g44h7uqa3/d/BsY=
github.com/aws/aws-sdk-go-v2/internal/endpoints/v2 v2.4.36/go.mod h1:rwr4WnmFi3RJO0M4dxbJtgi9BPLMpVBMX1nUte5ha9U=
github.com/aws/aws-sdk-go-v2/internal/ini v1.3.44 h1:quOJOqlbSfeJTboXLjYXM1M9T52LBXqLoTPlmsKLpBo=
github.com/aws/aws-sdk-go-v2/internal/ini v1.3.44/go.mod h1:LNy+P1+1LiRcCsVYr/4zG5n8zWFL0xsvZkOybjbftm8=
github.com/aws/aws-sdk-go-v2/internal/v4a v1.1.5 h1:8JG9ny0BqBDzmtIzbpaN+eke152ZNsYKApFJ/q29Hxo=
github.com/aws/aws-sdk-go-v2/internal/v4a v1.1.5/go.mod h1:kEDHQApP/ukMO9natNftgUN3NaTsMxK6jb2jjpSMX7Y=
github.com/aws/aws-sdk-go-v2/service/internal/accept-encoding v1.9.15 h1:7R8uRYyXzdD71KWVCL78lJZltah6VVznXBazvKjfH58=
github.com/aws/aws-sdk-go-v2/service/internal/accept-encoding v1.9.15/go.mod h1:26SQUPcTNgV1Tapwdt4a1rOsYRsnBsJHLMPoxK2b0d8=
github.com/aws/aws-sdk-go-v2/service/internal/checksum v1.1.37 h1:Mx1zJlYbiUQANWT40koevLvxawGFolmkaP4m+LuyG7M=
github.com/aws/aws-sdk-go-v2/service/internal/checksum v1.1.37/go.mod h1:PjKIAMFthKPgG/B8bbRpo3F8jfr2q2L+w3u78jJ12a0=
github.com/aws/aws-sdk-go-v2/service/internal/presigned-url v1.9.36 h1:YXlm7LxwNlauqb2OrinWlcvtsflTzP8GaMvYfQBhoT4=
github.com/aws/aws-sdk-go-v2/service/internal/presigned-url v1.9.36/go.mod h1:ou9ffqJ9hKOVZmjlC6kQ6oROAyG1M4yBKzR+9BKbDwk=
github.com/aws/aws-sdk-go-v2/service/internal/s3shared v1.15.5 h1:sAAz28SeA7YZl8Yaphjs9tlLsflhdniQPjf3X2cqr4s=
github.com/aws/aws-sdk-go-v2/service/internal/s3shared v1.15.5/go.mod h1:HC7gNz3VH0p+RvLKK+HqNQv/gHy+1Os3ko/F41s3+aw=
github.com/aws/aws-sdk-go-v2/service/s3 v1.40.1 h1:FqIaVPbs2W8U3fszl2PCL1IDKeRdM7TssjWamL6b2mg=
github.com/aws/aws-sdk-go-v2/service/s3 v1.40.1/go.mod h1:X0e0NCAx4GjOrKro7s9QYy+YEIFhgCkt6gYKVKhZB5Y=
github.com/aws/aws-sdk-go-v2/service/sso v1.15.1 h1:ZN3bxw9OYC5D6umLw6f57rNJfGfhg1DIAAcKpzyUTOE=
github.com/aws/aws-sdk-go-v2/service/sso v1.15.1/go.mod h1:PieckvBoT5HtyB9AsJRrYZFY2Z+EyfVM/9zG6gbV8DQ=
github.com/aws/aws-sdk-go-v2/service/ssooidc v1.17.2 h1:fSCCJuT5i6ht8TqGdZc5Q5K9pz/atrf7qH4iK5C9XzU=
github.com/aws/aws-sdk-go-v2/service/ssooidc v1.17.2/go.mod h1:5eNtr+vNc5vVd92q7SJ+U/HszsIdhZBEyi9dkMRKsp8=
github.com/aws/aws-sdk-go-v2/service/sts v1.23.1 h1:ASNYk1ypWAxRhJjKS0jBnTUeDl7HROOpeSMu1xDA/I8=
github.com/aws/aws-sdk-go-v2/service/sts v1.23.1/go.mod h1:2cnsAhVT3mqusovc2stUSUrSBGTcX9nh8Tu6xh//2eI=
github.com/aws/constructs-go/constructs/v10 v10.2.70/go.mod h1:Jnh2jtqYQBjifA5+03aJmnIItEcjqAgMBJ8iZpFjNRE=
github.com/aws/jsii-runtime-go v1.89.0/go.mod h1:Jkx2jjw8wKQdQYzwh+JDDGy3MRPwKqDCeSvW6WWubi0=
github.com/aws/smithy-go v1.15.0 h1:PS/durmlzvAFpQHDs4wi4sNNP9ExsqZh6IlfdHXgKK8=
github.com/aws/smithy-go v1.15.0/go.mod h1:Tg+OJXh4MB2R/uN61Ko2f6hTZwB/ZYGOtib8J3gBHzA=
github.com/davecgh/go-spew v1.1.0/go.mod h1:J7Y8YcW2NihsgmVo/mv3lAwl/skON4iLHjSsI+c5H38=
github.com/google/go-cmp v0.5.8/go.mod h1:17dUlkBOakJ0+DkrSSNjCkIjxS6bF9zb3elmeNGIjoY=
github.com/jmespath/go-jmespath v0.4.0/go.mod h1:T8mJZnbsbmF+m6zOOFylbeCJqk5+pHWvzYPziyZiYoo=
github.com/jmespath/go-jmespath/internal/testify v1.5.1/go.mod h1:L3OGu8Wl2/fWfCI6z80xFu9LTZmf1ZRjMHUOPmWr69U=
github.com/pmezard/go-difflib v1.0.0/go.mod h1:iKH77koFhYxTK1pcRnkKkqfTogsbg7gZNVY4sRDYZ/4=
github.com/stretchr/objx v0.1.0/go.mod h1:HFkY916IF+rwdDfMAkV7OtwuqBVzrE8GR6GFx+wExME=
github.com/tidwall/gjson v1.17.0 h1:/Jocvlh98kcTfpN2+JzGQWQcqrPQwDrVEMApx/M5ZwM=
github.com/tidwall/gjson v1.17.0/go.mod h1:/wbyibRr2FHMks5tjHJ5F8dMZh3AcwJEMf5vlfC0lxk=
github.com/tidwall/match v1.1.1 h1:+Ho715JplO36QYgwN9PGYNhgZvoUSc9X2c80KVTi+GA=
github.com/tidwall/match v1.1.1/go.mod h1:eRSPERbgtNPcGhD8UCthc6PmLEQXEWd3PRB5JTxsfmM=
github.com/tidwall/pretty v1.2.0/go.mod h1:ITEVvHYasfjBbM0u2Pg8T2nJnzm8xPwvNhhsoaGGjNU=
github.com/tidwall/pretty v1.2.1 h1:qjsOFOWWQl+N3RsoF5/ssm1pHmJJwhjlSbZ51I6wMl4=
github.com/tidwall/pretty v1.2.1/go.mod h1:ITEVvHYasfjBbM0u2Pg8T2nJnzm8xPwvNhhsoaGGjNU=
gopkg.in/check.v1 v0.0.0-20161208181325-20d25e280405/go.mod h1:Co6ibVJAznAaIkqp8huTwlJQCZ016jof/cbN4VW5Yz0=
gopkg.in/yaml.v2 v2.2.8/go.mod h1:hI93XBmqTisBFMUTm0b8Fm+jr3Dg1NNxqwp+5A1VGuI=
