
Microsoft Visual Studio Solution File, Format Version 12.00
# Visual Studio 15
VisualStudioVersion = 15.0.26124.0
MinimumVisualStudioVersion = 15.0.26124.0
Project("{FAE04EC0-301F-11D3-BF4B-00C04F79EFBC}") = "Cdk", "Cdk\Cdk.csproj", "{BC0073A9-2D72-4660-ABD2-1F493CE01DC5}"
EndProject
Global
	GlobalSection(SolutionConfigurationPlatforms) = preSolution
		Debug|Any CPU = Debug|Any CPU
		Debug|x64 = Debug|x64
		Debug|x86 = Debug|x86
		Release|Any CPU = Release|Any CPU
		Release|x64 = Release|x64
		Release|x86 = Release|x86
	EndGlobalSection
	GlobalSection(SolutionProperties) = preSolution
		HideSolutionNode = FALSE
	EndGlobalSection
	GlobalSection(ProjectConfigurationPlatforms) = postSolution
		{BC0073A9-2D72-4660-ABD2-1F493CE01DC5}.Debug|Any CPU.ActiveCfg = Debug|Any CPU
		{BC0073A9-2D72-4660-ABD2-1F493CE01DC5}.Debug|Any CPU.Build.0 = Debug|Any CPU
		{BC0073A9-2D72-4660-ABD2-1F493CE01DC5}.Debug|x64.ActiveCfg = Debug|Any CPU
		{BC0073A9-2D72-4660-ABD2-1F493CE01DC5}.Debug|x64.Build.0 = Debug|Any CPU
		{BC0073A9-2D72-4660-ABD2-1F493CE01DC5}.Debug|x86.ActiveCfg = Debug|Any CPU
		{BC0073A9-2D72-4660-ABD2-1F493CE01DC5}.Debug|x86.Build.0 = Debug|Any CPU
		{BC0073A9-2D72-4660-ABD2-1F493CE01DC5}.Release|Any CPU.ActiveCfg = Release|Any CPU
		{BC0073A9-2D72-4660-ABD2-1F493CE01DC5}.Release|Any CPU.Build.0 = Release|Any CPU
		{BC0073A9-2D72-4660-ABD2-1F493CE01DC5}.Release|x64.ActiveCfg = Release|Any CPU
		{BC0073A9-2D72-4660-ABD2-1F493CE01DC5}.Release|x64.Build.0 = Release|Any CPU
		{BC0073A9-2D72-4660-ABD2-1F493CE01DC5}.Release|x86.ActiveCfg = Release|Any CPU
		{BC0073A9-2D72-4660-ABD2-1F493CE01DC5}.Release|x86.Build.0 = Release|Any CPU
	EndGlobalSection
EndGlobal
