{
  "name": "application-load-balancer",
  "version": "0.23.0",
  "lockfileVersion": 1,
  "requires": true,
  "dependencies": {
    "@aws-cdk/assets": {
      "version": "0.23.0",
      "resolved": "https://registry.npmjs.org/@aws-cdk/assets/-/assets-0.23.0.tgz",
      "integrity": "sha512-FxbLpPKYNg6F7/+cwZuI6Z3jSyE0W4NgEd0EiEvb5rscT3hGIGwDMGn9SfDGvLU+PvJDsEi3O8WlI78B6Bz6Ww==",
      "requires": {
        "@aws-cdk/aws-iam": "^0.23.0",
        "@aws-cdk/aws-s3": "^0.23.0",
        "@aws-cdk/cdk": "^0.23.0",
        "@aws-cdk/cx-api": "^0.23.0"
      }
    },
    "@aws-cdk/aws-autoscaling": {
      "version": "0.23.0",
      "resolved": "https://registry.npmjs.org/@aws-cdk/aws-autoscaling/-/aws-autoscaling-0.23.0.tgz",
      "integrity": "sha512-8gsvLcI6Z4AQgKIbWF9SpCtWdY8qLFIV6kwSmQEifodQPAJv2ykF2hyp+KhJyy0aW4FUTGxPJ5Yh8m8aO3qLRA==",
      "requires": {
        "@aws-cdk/aws-autoscaling-api": "^0.23.0",
        "@aws-cdk/aws-autoscaling-common": "^0.23.0",
        "@aws-cdk/aws-cloudwatch": "^0.23.0",
        "@aws-cdk/aws-ec2": "^0.23.0",
        "@aws-cdk/aws-elasticloadbalancing": "^0.23.0",
        "@aws-cdk/aws-elasticloadbalancingv2": "^0.23.0",
        "@aws-cdk/aws-iam": "^0.23.0",
        "@aws-cdk/aws-sns": "^0.23.0",
        "@aws-cdk/cdk": "^0.23.0"
      }
    },
    "@aws-cdk/aws-autoscaling-api": {
      "version": "0.23.0",
      "resolved": "https://registry.npmjs.org/@aws-cdk/aws-autoscaling-api/-/aws-autoscaling-api-0.23.0.tgz",
      "integrity": "sha512-kxFKZPo427mMmPAVf2rxEI7gnZbpxXoy9anVzCE/4rwPzZcbw6+j2IrfApzIN7wva5mxIgkyzjjhmxpYODWmhA==",
      "requires": {
        "@aws-cdk/aws-iam": "^0.23.0",
        "@aws-cdk/cdk": "^0.23.0"
      }
    },
    "@aws-cdk/aws-autoscaling-common": {
      "version": "0.23.0",
      "resolved": "https://registry.npmjs.org/@aws-cdk/aws-autoscaling-common/-/aws-autoscaling-common-0.23.0.tgz",
      "integrity": "sha512-KYz4iqd5QP3p18PWuCRpsqNIl7jMf0xDjARlfGx/C/ck873LXgbSz9X1vggHhrmZj6vos41DGHRLSHLP6RYjoA==",
      "requires": {
        "@aws-cdk/aws-iam": "^0.23.0",
        "@aws-cdk/cdk": "^0.23.0"
      }
    },
    "@aws-cdk/aws-cloudwatch": {
      "version": "0.23.0",
      "resolved": "https://registry.npmjs.org/@aws-cdk/aws-cloudwatch/-/aws-cloudwatch-0.23.0.tgz",
      "integrity": "sha512-AHzuwrXr21h5eYrdau3IM/XgE2TDlIaVLhPu7W1fPIbD6jhmO5W0yhE1nL1UGgbJq41oks3/VbHAvQ8o1SwzYQ==",
      "requires": {
        "@aws-cdk/aws-iam": "^0.23.0",
        "@aws-cdk/cdk": "^0.23.0"
      }
    },
    "@aws-cdk/aws-codedeploy-api": {
      "version": "0.23.0",
      "resolved": "https://registry.npmjs.org/@aws-cdk/aws-codedeploy-api/-/aws-codedeploy-api-0.23.0.tgz",
      "integrity": "sha512-49F1GcrNIyWcuSzw780bQpTnkw6/ihSTTXwvgYNFwd6s/aV1KyF9mu8J1OKYQBZjqeCL+GPoYy83b+F3DNczLw==",
      "requires": {
        "@aws-cdk/cdk": "^0.23.0"
      }
    },
    "@aws-cdk/aws-codepipeline-api": {
      "version": "0.23.0",
      "resolved": "https://registry.npmjs.org/@aws-cdk/aws-codepipeline-api/-/aws-codepipeline-api-0.23.0.tgz",
      "integrity": "sha512-MSNKdKsStlABs67nE/CHYEhnX3WjdK5EvQ+JSRSqxaZBJLlqmhPAXDrbz1eHbXPAhXyWkauJ5WN0Y3wV9A+ERg==",
      "requires": {
        "@aws-cdk/aws-events": "^0.23.0",
        "@aws-cdk/aws-iam": "^0.23.0",
        "@aws-cdk/cdk": "^0.23.0"
      }
    },
    "@aws-cdk/aws-ec2": {
      "version": "0.23.0",
      "resolved": "https://registry.npmjs.org/@aws-cdk/aws-ec2/-/aws-ec2-0.23.0.tgz",
      "integrity": "sha512-CSZIkc5rhGe1ffMnp52QQ9L/Zv/d4UqCZ0YuYCl224eTwFFRGAAjWwx+s9NHsJ+IwPm4AFN4KfuPOvwmiKLCsg==",
      "requires": {
        "@aws-cdk/aws-iam": "^0.23.0",
        "@aws-cdk/cdk": "^0.23.0",
        "@aws-cdk/cx-api": "^0.23.0"
      }
    },
    "@aws-cdk/aws-elasticloadbalancing": {
      "version": "0.23.0",
      "resolved": "https://registry.npmjs.org/@aws-cdk/aws-elasticloadbalancing/-/aws-elasticloadbalancing-0.23.0.tgz",
      "integrity": "sha512-DnEOoN3Pv86BybRKKoHcsOQE8mbBNGDGn8Vj14giLhwFrR9vUbbAi4jqW2IhGUc3C9RWX0XGTCunRPvbTwS/Ug==",
      "requires": {
        "@aws-cdk/aws-codedeploy-api": "^0.23.0",
        "@aws-cdk/aws-ec2": "^0.23.0",
        "@aws-cdk/cdk": "^0.23.0"
      }
    },
    "@aws-cdk/aws-elasticloadbalancingv2": {
      "version": "0.23.0",
      "resolved": "https://registry.npmjs.org/@aws-cdk/aws-elasticloadbalancingv2/-/aws-elasticloadbalancingv2-0.23.0.tgz",
      "integrity": "sha512-cgz9F2TkxDP4R5tnZ9GTrsy7AkIY6zfVQfDgXhLA2ysXK4irQML06zPS03WlQHos5nJVBKBda+Xo2A2TqE/46A==",
      "requires": {
        "@aws-cdk/aws-cloudwatch": "^0.23.0",
        "@aws-cdk/aws-codedeploy-api": "^0.23.0",
        "@aws-cdk/aws-ec2": "^0.23.0",
        "@aws-cdk/aws-iam": "^0.23.0",
        "@aws-cdk/aws-route53": "^0.23.0",
        "@aws-cdk/aws-s3": "^0.23.0",
        "@aws-cdk/cdk": "^0.23.0"
      }
    },
    "@aws-cdk/aws-events": {
      "version": "0.23.0",
      "resolved": "https://registry.npmjs.org/@aws-cdk/aws-events/-/aws-events-0.23.0.tgz",
      "integrity": "sha512-PdgOHYuZxkKX8DZ37RGRMKQc5EEVpdnTT95J0Ysm3ROF/JYzqGUlH3qR5K1fUD2Yw0Xfmwe9Zikm+9gGlHlW0w==",
      "requires": {
        "@aws-cdk/aws-iam": "^0.23.0",
        "@aws-cdk/cdk": "^0.23.0"
      }
    },
    "@aws-cdk/aws-iam": {
      "version": "0.23.0",
      "resolved": "https://registry.npmjs.org/@aws-cdk/aws-iam/-/aws-iam-0.23.0.tgz",
      "integrity": "sha512-Y/dyR/+dX5rjeVNpwC9pVa1E2kaFcLVO219gqQEEDVGBiCNFVAvBD5MleSGJh9v6IdsaRCNDcJVgS8CZi/D6OQ==",
      "requires": {
        "@aws-cdk/cdk": "^0.23.0"
      }
    },
    "@aws-cdk/aws-kms": {
      "version": "0.23.0",
      "resolved": "https://registry.npmjs.org/@aws-cdk/aws-kms/-/aws-kms-0.23.0.tgz",
      "integrity": "sha512-X1r99bqyTm2hrtNAQvSSmX522ABE+07ra/lwmPDhD/VvIgGP7ie0TdPIb6wSvT4EPgn4mY+pmXqsg79XexjfwQ==",
      "requires": {
        "@aws-cdk/aws-iam": "^0.23.0",
        "@aws-cdk/cdk": "^0.23.0"
      }
    },
    "@aws-cdk/aws-lambda": {
      "version": "0.23.0",
      "resolved": "https://registry.npmjs.org/@aws-cdk/aws-lambda/-/aws-lambda-0.23.0.tgz",
      "integrity": "sha512-Hf89+yNoirhIJNYn/MIwP6krGOJoV/v4p22YA39Je1O3K72lCsWcKIyUumJgBGtoerR6uos2UNNWn4FmqB1K+g==",
      "requires": {
        "@aws-cdk/assets": "^0.23.0",
        "@aws-cdk/aws-cloudwatch": "^0.23.0",
        "@aws-cdk/aws-codepipeline-api": "^0.23.0",
        "@aws-cdk/aws-ec2": "^0.23.0",
        "@aws-cdk/aws-events": "^0.23.0",
        "@aws-cdk/aws-iam": "^0.23.0",
        "@aws-cdk/aws-logs": "^0.23.0",
        "@aws-cdk/aws-s3": "^0.23.0",
        "@aws-cdk/aws-s3-notifications": "^0.23.0",
        "@aws-cdk/aws-sqs": "^0.23.0",
        "@aws-cdk/aws-stepfunctions": "^0.23.0",
        "@aws-cdk/cdk": "^0.23.0",
        "@aws-cdk/cx-api": "^0.23.0"
      }
    },
    "@aws-cdk/aws-logs": {
      "version": "0.23.0",
      "resolved": "https://registry.npmjs.org/@aws-cdk/aws-logs/-/aws-logs-0.23.0.tgz",
      "integrity": "sha512-v5WyO0Y4O0vcH70LdpC+9Y9agB3AUYyQfK6KsErMgtC+DaYJc7ogqhUM3K9NQM095D6rkG4HQO888XN+Lsy2AA==",
      "requires": {
        "@aws-cdk/aws-cloudwatch": "^0.23.0",
        "@aws-cdk/aws-iam": "^0.23.0",
        "@aws-cdk/cdk": "^0.23.0"
      }
    },
    "@aws-cdk/aws-route53": {
      "version": "0.23.0",
      "resolved": "https://registry.npmjs.org/@aws-cdk/aws-route53/-/aws-route53-0.23.0.tgz",
      "integrity": "sha512-JuE5V2/QoQjZh5utsfaZPnCClPYM6Z++6Et1WQ4h0cEsVMP2U5NiWMWDeFJF160NFQkolssOoile9bCF9z8VCQ==",
      "requires": {
        "@aws-cdk/aws-ec2": "^0.23.0",
        "@aws-cdk/aws-logs": "^0.23.0",
        "@aws-cdk/cdk": "^0.23.0",
        "@aws-cdk/cx-api": "^0.23.0"
      }
    },
    "@aws-cdk/aws-s3": {
      "version": "0.23.0",
      "resolved": "https://registry.npmjs.org/@aws-cdk/aws-s3/-/aws-s3-0.23.0.tgz",
      "integrity": "sha512-lQesdUGhrPbdmtB5vTLH5IrGHYXv3pGpo3AIEjKZ1AW8cAB9bZAVyxAisJMczaGORIVdS0CSneDrorrj+qTPpQ==",
      "requires": {
        "@aws-cdk/aws-codepipeline-api": "^0.23.0",
        "@aws-cdk/aws-events": "^0.23.0",
        "@aws-cdk/aws-iam": "^0.23.0",
        "@aws-cdk/aws-kms": "^0.23.0",
        "@aws-cdk/aws-s3-notifications": "^0.23.0",
        "@aws-cdk/cdk": "^0.23.0"
      }
    },
    "@aws-cdk/aws-s3-notifications": {
      "version": "0.23.0",
      "resolved": "https://registry.npmjs.org/@aws-cdk/aws-s3-notifications/-/aws-s3-notifications-0.23.0.tgz",
      "integrity": "sha512-bdPTR0oDFOFU5XX4Jp1PMyuZbo6sDvyj5BvJ4aS3dazpbpICaFUvkqd1V1DCa6LfiGwE89HsteB3eoKhEaRDAQ==",
      "requires": {
        "@aws-cdk/cdk": "^0.23.0"
      }
    },
    "@aws-cdk/aws-sns": {
      "version": "0.23.0",
      "resolved": "https://registry.npmjs.org/@aws-cdk/aws-sns/-/aws-sns-0.23.0.tgz",
      "integrity": "sha512-NZal/+Za0ljE1ccmXezd68H0AkhuvQpZ6TGPVUVIiPQNuERbpkIhSIShPhETI7grfo5ib6iAoop5EduEd7rHOA==",
      "requires": {
        "@aws-cdk/aws-autoscaling-api": "^0.23.0",
        "@aws-cdk/aws-cloudwatch": "^0.23.0",
        "@aws-cdk/aws-events": "^0.23.0",
        "@aws-cdk/aws-iam": "^0.23.0",
        "@aws-cdk/aws-lambda": "^0.23.0",
        "@aws-cdk/aws-s3-notifications": "^0.23.0",
        "@aws-cdk/aws-sqs": "^0.23.0",
        "@aws-cdk/cdk": "^0.23.0"
      }
    },
    "@aws-cdk/aws-sqs": {
      "version": "0.23.0",
      "resolved": "https://registry.npmjs.org/@aws-cdk/aws-sqs/-/aws-sqs-0.23.0.tgz",
      "integrity": "sha512-rivPFVElWarScrPJ+H92oXz62q+ybm1FTe+GrMw8Kgj57piwBHLrv/nc/eGz6xD80HedON2uJXSbA2ODaKLSyQ==",
      "requires": {
        "@aws-cdk/aws-autoscaling-api": "^0.23.0",
        "@aws-cdk/aws-iam": "^0.23.0",
        "@aws-cdk/aws-kms": "^0.23.0",
        "@aws-cdk/aws-s3-notifications": "^0.23.0",
        "@aws-cdk/cdk": "^0.23.0"
      }
    },
    "@aws-cdk/aws-stepfunctions": {
      "version": "0.23.0",
      "resolved": "https://registry.npmjs.org/@aws-cdk/aws-stepfunctions/-/aws-stepfunctions-0.23.0.tgz",
      "integrity": "sha512-uNQt1+5oCR4GHmzuB3efMII+WEGPMwZtm1yMk1e4wZiztuxICvXXKLXOugZD1r0pScKDkFInJ8slrM0YDc3ttQ==",
      "requires": {
        "@aws-cdk/aws-cloudwatch": "^0.23.0",
        "@aws-cdk/aws-events": "^0.23.0",
        "@aws-cdk/aws-iam": "^0.23.0",
        "@aws-cdk/cdk": "^0.23.0"
      }
    },
    "@aws-cdk/cdk": {
      "version": "0.23.0",
      "resolved": "https://registry.npmjs.org/@aws-cdk/cdk/-/cdk-0.23.0.tgz",
      "integrity": "sha512-cm3wWCG3FWo2qz714IODs8ORqvETKvg2vu8T4d+qY+jBXxhjssq9SOqfCGoKTkzC/7GUBB8onIaYE6fbcOIPXw==",
      "requires": {
        "@aws-cdk/cx-api": "^0.23.0",
        "js-base64": "^2.4.5",
        "json-diff": "^0.3.1"
      },
      "dependencies": {
        "cli-color": {
          "version": "0.1.7",
          "bundled": true,
          "requires": {
            "es5-ext": "0.8.x"
          }
        },
        "difflib": {
          "version": "0.2.4",
          "bundled": true,
          "requires": {
            "heap": ">= 0.2.0"
          }
        },
        "dreamopt": {
          "version": "0.6.0",
          "bundled": true,
          "requires": {
            "wordwrap": ">=0.0.2"
          }
        },
        "es5-ext": {
          "version": "0.8.2",
          "bundled": true
        },
        "heap": {
          "version": "0.2.6",
          "bundled": true
        },
        "js-base64": {
          "version": "2.5.1",
          "bundled": true
        },
        "json-diff": {
          "version": "0.3.1",
          "bundled": true,
          "requires": {
            "cli-color": "~0.1.6",
            "difflib": "~0.2.1",
            "dreamopt": "~0.6.0"
          }
        },
        "wordwrap": {
          "version": "1.0.0",
          "bundled": true
        }
      }
    },
    "@aws-cdk/cx-api": {
      "version": "0.23.0",
      "resolved": "https://registry.npmjs.org/@aws-cdk/cx-api/-/cx-api-0.23.0.tgz",
      "integrity": "sha512-TmMJgPLj6XX5sixywnqgogzGF2ePHd8PnDd0rk/ueisUY9NcRGWTCc9sQe2qjmP4aebJeTZXaYrkElUaZXtkHQ=="
    },
    "@types/node": {
      "version": "8.10.39",
      "resolved": "https://registry.npmjs.org/@types/node/-/node-8.10.39.tgz",
      "integrity": "sha512-rE7fktr02J8ybFf6eysife+WF+L4sAHWzw09DgdCebEu+qDwMvv4zl6Bc+825ttGZP73kCKxa3dhJOoGJ8+5mA==",
      "dev": true
    },
    "typescript": {
      "version": "3.3.1",
      "resolved": "https://registry.npmjs.org/typescript/-/typescript-3.3.1.tgz",
      "integrity": "sha512-cTmIDFW7O0IHbn1DPYjkiebHxwtCMU+eTy30ZtJNBPF9j2O1ITu5XH2YnBeVRKWHqF+3JQwWJv0Q0aUgX8W7IA==",
      "dev": true
    }
  }
}
