{
  "name": "ecs-service-with-logging",
  "version": "0.23.0",
  "lockfileVersion": 1,
  "requires": true,
  "dependencies": {
    "@aws-cdk/assets": {
      "version": "0.28.0",
      "resolved": "https://registry.npmjs.org/@aws-cdk/assets/-/assets-0.28.0.tgz",
      "integrity": "sha512-rv6RCIeZY5pSDjnk/rr9pvolsw/Pm/4HBxDae1n7U2Ml8pQ1JAQL9jcPrrR9Vi1DttTDpofl2v12RgBczj+zDQ==",
      "requires": {
        "@aws-cdk/aws-iam": "^0.28.0",
        "@aws-cdk/aws-s3": "^0.28.0",
        "@aws-cdk/cdk": "^0.28.0",
        "@aws-cdk/cx-api": "^0.28.0"
      }
    },
    "@aws-cdk/assets-docker": {
      "version": "0.28.0",
      "resolved": "https://registry.npmjs.org/@aws-cdk/assets-docker/-/assets-docker-0.28.0.tgz",
      "integrity": "sha512-N7wtUMBu8KfkDfuBVFV6J/LugIKueq61DFOrhb0nKtednYqoCQopX2yteH5F55IzuizzCggUfvDaHq6Y4ArYWQ==",
      "requires": {
        "@aws-cdk/aws-cloudformation": "^0.28.0",
        "@aws-cdk/aws-ecr": "^0.28.0",
        "@aws-cdk/aws-iam": "^0.28.0",
        "@aws-cdk/aws-lambda": "^0.28.0",
        "@aws-cdk/aws-s3": "^0.28.0",
        "@aws-cdk/cdk": "^0.28.0",
        "@aws-cdk/cx-api": "^0.28.0"
      }
    },
    "@aws-cdk/aws-applicationautoscaling": {
      "version": "0.28.0",
      "resolved": "https://registry.npmjs.org/@aws-cdk/aws-applicationautoscaling/-/aws-applicationautoscaling-0.28.0.tgz",
      "integrity": "sha512-1XZ3K84XdmoSnxc0CHdaVYtdXvhdGMUhxvNZ2Eh0oPOb/daQNhtvR7tHBap1fS01Gz6aNnotwL7zEXqQKiUdAg==",
      "requires": {
        "@aws-cdk/aws-autoscaling-common": "^0.28.0",
        "@aws-cdk/aws-cloudwatch": "^0.28.0",
        "@aws-cdk/aws-iam": "^0.28.0",
        "@aws-cdk/cdk": "^0.28.0"
      }
    },
    "@aws-cdk/aws-autoscaling": {
      "version": "0.28.0",
      "resolved": "https://registry.npmjs.org/@aws-cdk/aws-autoscaling/-/aws-autoscaling-0.28.0.tgz",
      "integrity": "sha512-PnvE6rEdngOdzAH1kxL14hsVMz0qhUwhgjWOv2oD/tYxT5XQfmGTtXQ5YgakhA07Jx+Mh+xq61CNbu2v3nokag==",
      "requires": {
        "@aws-cdk/aws-autoscaling-api": "^0.28.0",
        "@aws-cdk/aws-autoscaling-common": "^0.28.0",
        "@aws-cdk/aws-cloudwatch": "^0.28.0",
        "@aws-cdk/aws-ec2": "^0.28.0",
        "@aws-cdk/aws-elasticloadbalancing": "^0.28.0",
        "@aws-cdk/aws-elasticloadbalancingv2": "^0.28.0",
        "@aws-cdk/aws-iam": "^0.28.0",
        "@aws-cdk/aws-sns": "^0.28.0",
        "@aws-cdk/cdk": "^0.28.0"
      }
    },
    "@aws-cdk/aws-autoscaling-api": {
      "version": "0.28.0",
      "resolved": "https://registry.npmjs.org/@aws-cdk/aws-autoscaling-api/-/aws-autoscaling-api-0.28.0.tgz",
      "integrity": "sha512-N8Xdxbq/XCdOzFq8pvq1yXrtGaDL9jtfDHz6tnsZHrL1Ey15IaWEXZMUPO8RwHX3XHH4URjMDcgla6/i3SD8dA==",
      "requires": {
        "@aws-cdk/aws-iam": "^0.28.0",
        "@aws-cdk/cdk": "^0.28.0"
      }
    },
    "@aws-cdk/aws-autoscaling-common": {
      "version": "0.28.0",
      "resolved": "https://registry.npmjs.org/@aws-cdk/aws-autoscaling-common/-/aws-autoscaling-common-0.28.0.tgz",
      "integrity": "sha512-4ODvgKncruNaHy6sRFdfnSrjgmFn9uaCIWP+0aULXMAWJP0BIjR54yvybrJ2ykvGt4V3e6odRV1JJ6l4d9o2BA==",
      "requires": {
        "@aws-cdk/aws-iam": "^0.28.0",
        "@aws-cdk/cdk": "^0.28.0"
      }
    },
    "@aws-cdk/aws-certificatemanager": {
      "version": "0.28.0",
      "resolved": "https://registry.npmjs.org/@aws-cdk/aws-certificatemanager/-/aws-certificatemanager-0.28.0.tgz",
      "integrity": "sha512-8HRfwnHpZ5zaNTl8+Hto415SaKHygbOiupON1t6mIOMH9b++emxsUxSlPVcqzl70xnvqc+tiEeKGKmFMUjSVGw==",
      "requires": {
        "@aws-cdk/aws-cloudformation": "^0.28.0",
        "@aws-cdk/aws-iam": "^0.28.0",
        "@aws-cdk/aws-lambda": "^0.28.0",
        "@aws-cdk/aws-route53": "^0.28.0",
        "@aws-cdk/cdk": "^0.28.0"
      }
    },
    "@aws-cdk/aws-cloudformation": {
      "version": "0.28.0",
      "resolved": "https://registry.npmjs.org/@aws-cdk/aws-cloudformation/-/aws-cloudformation-0.28.0.tgz",
      "integrity": "sha512-CDpuag+nOjshTSBJwGXIMMmbrUgz0r4ezuZoh4WfDtcZLzAikat2DtdKeKUwlQ7YSHu/SDWgZHse+QBBP6ap7Q==",
      "requires": {
        "@aws-cdk/aws-iam": "^0.28.0",
        "@aws-cdk/aws-lambda": "^0.28.0",
        "@aws-cdk/aws-sns": "^0.28.0",
        "@aws-cdk/cdk": "^0.28.0"
      }
    },
    "@aws-cdk/aws-cloudwatch": {
      "version": "0.28.0",
      "resolved": "https://registry.npmjs.org/@aws-cdk/aws-cloudwatch/-/aws-cloudwatch-0.28.0.tgz",
      "integrity": "sha512-MkxLqyJnrUL9zQcVj6oSVXyPBewCFgDQsmE7h0vgAQbaz5c6C6hGQGRPFDnM8v2ZhiKDKKctU5RgrV1WO827gg==",
      "requires": {
        "@aws-cdk/aws-iam": "^0.28.0",
        "@aws-cdk/cdk": "^0.28.0"
      }
    },
    "@aws-cdk/aws-codedeploy-api": {
      "version": "0.28.0",
      "resolved": "https://registry.npmjs.org/@aws-cdk/aws-codedeploy-api/-/aws-codedeploy-api-0.28.0.tgz",
      "integrity": "sha512-DW0LjUFcO4c6UtAayy/SV5GdvLdBnDLlKqeKeQ9eIVEBIpdZoEXuaJ29cxmT/SuUtoDYxTYs1JmehPe7iR2irQ==",
      "requires": {
        "@aws-cdk/cdk": "^0.28.0"
      }
    },
    "@aws-cdk/aws-ec2": {
      "version": "0.28.0",
      "resolved": "https://registry.npmjs.org/@aws-cdk/aws-ec2/-/aws-ec2-0.28.0.tgz",
      "integrity": "sha512-cCzX22aAGd4Ngerj+1k3pOazNQ8AR5iC6+QiG6kotJe//5iWGu13bkZZP36rEyLorWRJrn1SjfoS6f1SEuiPDg==",
      "requires": {
        "@aws-cdk/aws-cloudwatch": "^0.28.0",
        "@aws-cdk/aws-iam": "^0.28.0",
        "@aws-cdk/cdk": "^0.28.0",
        "@aws-cdk/cx-api": "^0.28.0"
      }
    },
    "@aws-cdk/aws-ecr": {
      "version": "0.28.0",
      "resolved": "https://registry.npmjs.org/@aws-cdk/aws-ecr/-/aws-ecr-0.28.0.tgz",
      "integrity": "sha512-J7r1X61FKxFtBHALjpiHkUlxOQPrq/qDny3gunQsF70XbwslW7SxFdhrzH+Nybd2qz4AyR1Flw6XEJAWG0sOpQ==",
      "requires": {
        "@aws-cdk/aws-events": "^0.28.0",
        "@aws-cdk/aws-iam": "^0.28.0",
        "@aws-cdk/cdk": "^0.28.0"
      }
    },
    "@aws-cdk/aws-ecs": {
      "version": "0.28.0",
      "resolved": "https://registry.npmjs.org/@aws-cdk/aws-ecs/-/aws-ecs-0.28.0.tgz",
      "integrity": "sha512-zKupTFgxF8OG/BvAqOqKtmkly8xvbT3x4CuzqntIpUqqxFbfYdm9/VJry/5UDQAcQ7YTPccevNn0X0m6WxE93w==",
      "requires": {
        "@aws-cdk/assets-docker": "^0.28.0",
        "@aws-cdk/aws-applicationautoscaling": "^0.28.0",
        "@aws-cdk/aws-autoscaling": "^0.28.0",
        "@aws-cdk/aws-certificatemanager": "^0.28.0",
        "@aws-cdk/aws-cloudformation": "^0.28.0",
        "@aws-cdk/aws-cloudwatch": "^0.28.0",
        "@aws-cdk/aws-ec2": "^0.28.0",
        "@aws-cdk/aws-ecr": "^0.28.0",
        "@aws-cdk/aws-elasticloadbalancing": "^0.28.0",
        "@aws-cdk/aws-elasticloadbalancingv2": "^0.28.0",
        "@aws-cdk/aws-events": "^0.28.0",
        "@aws-cdk/aws-iam": "^0.28.0",
        "@aws-cdk/aws-lambda": "^0.28.0",
        "@aws-cdk/aws-logs": "^0.28.0",
        "@aws-cdk/aws-route53": "^0.28.0",
        "@aws-cdk/aws-secretsmanager": "^0.28.0",
        "@aws-cdk/aws-servicediscovery": "^0.28.0",
        "@aws-cdk/aws-sns": "^0.28.0",
        "@aws-cdk/cdk": "^0.28.0",
        "@aws-cdk/cx-api": "^0.28.0"
      }
    },
    "@aws-cdk/aws-elasticloadbalancing": {
      "version": "0.28.0",
      "resolved": "https://registry.npmjs.org/@aws-cdk/aws-elasticloadbalancing/-/aws-elasticloadbalancing-0.28.0.tgz",
      "integrity": "sha512-kgWFBPkMyPsqNqUHZTK8LqsX5sUyDcRSKZCrYU57rXUjBO/VYsZTmEpstxXYNqLJC6dwUYnXrj+fUfTX96UmPw==",
      "requires": {
        "@aws-cdk/aws-codedeploy-api": "^0.28.0",
        "@aws-cdk/aws-ec2": "^0.28.0",
        "@aws-cdk/cdk": "^0.28.0"
      }
    },
    "@aws-cdk/aws-elasticloadbalancingv2": {
      "version": "0.28.0",
      "resolved": "https://registry.npmjs.org/@aws-cdk/aws-elasticloadbalancingv2/-/aws-elasticloadbalancingv2-0.28.0.tgz",
      "integrity": "sha512-/lLW+iFutlbZR3OKG2R2NVa6Q60ZXAxt3a4iCcXa64GaZR3D1oXG1nCi+UKNf8yaysOhX5fTw2KtNSJr29NMxA==",
      "requires": {
        "@aws-cdk/aws-cloudwatch": "^0.28.0",
        "@aws-cdk/aws-codedeploy-api": "^0.28.0",
        "@aws-cdk/aws-ec2": "^0.28.0",
        "@aws-cdk/aws-iam": "^0.28.0",
        "@aws-cdk/aws-route53": "^0.28.0",
        "@aws-cdk/aws-s3": "^0.28.0",
        "@aws-cdk/cdk": "^0.28.0"
      }
    },
    "@aws-cdk/aws-events": {
      "version": "0.28.0",
      "resolved": "https://registry.npmjs.org/@aws-cdk/aws-events/-/aws-events-0.28.0.tgz",
      "integrity": "sha512-8Vi8qx8CajNP24j3QFTGQVDMwQqlfkvIFQYqOWuw3iXQXTWQXUr2ZbTZXBaaqr+4gm4Gs7ntszKSHhp72cZLtg==",
      "requires": {
        "@aws-cdk/aws-iam": "^0.28.0",
        "@aws-cdk/cdk": "^0.28.0"
      }
    },
    "@aws-cdk/aws-iam": {
      "version": "0.28.0",
      "resolved": "https://registry.npmjs.org/@aws-cdk/aws-iam/-/aws-iam-0.28.0.tgz",
      "integrity": "sha512-35cLTTxmWcnip3cptzh2duUuQFn7Uijg44ZY04XXFhpZ6frodCQby3xtkh8eEzcJPR+R0oDrXnGK7lJFdXPl/w==",
      "requires": {
        "@aws-cdk/cdk": "^0.28.0",
        "@aws-cdk/region-info": "^0.28.0"
      }
    },
    "@aws-cdk/aws-kms": {
      "version": "0.28.0",
      "resolved": "https://registry.npmjs.org/@aws-cdk/aws-kms/-/aws-kms-0.28.0.tgz",
      "integrity": "sha512-scKy0L2Y5d2ZqM63/5A9F2yUKh1VoWNXRxRe8Vgd48F6DaxFazwRzACsOzjX6Qzfb9ygQ4o3qLhSRXf5bDbapQ==",
      "requires": {
        "@aws-cdk/aws-iam": "^0.28.0",
        "@aws-cdk/cdk": "^0.28.0"
      }
    },
    "@aws-cdk/aws-lambda": {
      "version": "0.28.0",
      "resolved": "https://registry.npmjs.org/@aws-cdk/aws-lambda/-/aws-lambda-0.28.0.tgz",
      "integrity": "sha512-dzpbAlInrq0v9LZO2BByZNTeEv3tNyzKRVcVdmG+0CwuJIshHNJjZ6hHfWerBxSE5pa7vO//j10660+8bDaADQ==",
      "requires": {
        "@aws-cdk/assets": "^0.28.0",
        "@aws-cdk/aws-cloudwatch": "^0.28.0",
        "@aws-cdk/aws-ec2": "^0.28.0",
        "@aws-cdk/aws-events": "^0.28.0",
        "@aws-cdk/aws-iam": "^0.28.0",
        "@aws-cdk/aws-logs": "^0.28.0",
        "@aws-cdk/aws-s3": "^0.28.0",
        "@aws-cdk/aws-s3-notifications": "^0.28.0",
        "@aws-cdk/aws-sqs": "^0.28.0",
        "@aws-cdk/aws-stepfunctions": "^0.28.0",
        "@aws-cdk/cdk": "^0.28.0",
        "@aws-cdk/cx-api": "^0.28.0"
      }
    },
    "@aws-cdk/aws-logs": {
      "version": "0.28.0",
      "resolved": "https://registry.npmjs.org/@aws-cdk/aws-logs/-/aws-logs-0.28.0.tgz",
      "integrity": "sha512-zbS1WsrSo4uDaNNNVfbvMHKcKNff/Voo6ReXiNLks/OVlmZbtHteYaD3+DZuCBgC4KdGAZbH377YvOhmvVdd0w==",
      "requires": {
        "@aws-cdk/aws-cloudwatch": "^0.28.0",
        "@aws-cdk/aws-iam": "^0.28.0",
        "@aws-cdk/cdk": "^0.28.0"
      }
    },
    "@aws-cdk/aws-route53": {
      "version": "0.28.0",
      "resolved": "https://registry.npmjs.org/@aws-cdk/aws-route53/-/aws-route53-0.28.0.tgz",
      "integrity": "sha512-HZZ3XftpitNcIZNzwSmE8Sj2q3ZdtEyNLf9wje+fbjLK5lEwrOxvKvF1K6dVWn8b/LzI8MkrNahBgi+GxUjH/A==",
      "requires": {
        "@aws-cdk/aws-ec2": "^0.28.0",
        "@aws-cdk/aws-logs": "^0.28.0",
        "@aws-cdk/cdk": "^0.28.0",
        "@aws-cdk/cx-api": "^0.28.0"
      }
    },
    "@aws-cdk/aws-s3": {
      "version": "0.28.0",
      "resolved": "https://registry.npmjs.org/@aws-cdk/aws-s3/-/aws-s3-0.28.0.tgz",
      "integrity": "sha512-9wTwPZABc795TK6w9+u8Hp4Ok5Z+0Dp4mfqgbJn/q+RkSlS4gK1FyXEOex9k9WDrXHRa/KCsED2rXg9Ql5RdXQ==",
      "requires": {
        "@aws-cdk/aws-events": "^0.28.0",
        "@aws-cdk/aws-iam": "^0.28.0",
        "@aws-cdk/aws-kms": "^0.28.0",
        "@aws-cdk/aws-s3-notifications": "^0.28.0",
        "@aws-cdk/cdk": "^0.28.0"
      }
    },
    "@aws-cdk/aws-s3-notifications": {
      "version": "0.28.0",
      "resolved": "https://registry.npmjs.org/@aws-cdk/aws-s3-notifications/-/aws-s3-notifications-0.28.0.tgz",
      "integrity": "sha512-0O9Nuztk0hoMYpArqFZGZZGnEkdKQM0w7wNha21is+Mjdmpu6ztzDRBZpWJu8etsfan9warj9FUG0caDrUdVZw==",
      "requires": {
        "@aws-cdk/cdk": "^0.28.0"
      }
    },
    "@aws-cdk/aws-secretsmanager": {
      "version": "0.28.0",
      "resolved": "https://registry.npmjs.org/@aws-cdk/aws-secretsmanager/-/aws-secretsmanager-0.28.0.tgz",
      "integrity": "sha512-OFJt0L6fSkCve0XkiqE2rgLzqsdGB1UbwNwFn8gVzO9MZH4Q0dhVdr1Fu8pGCVoiTm92yQI2IMiBtdnrPTgnCg==",
      "requires": {
        "@aws-cdk/aws-ec2": "^0.28.0",
        "@aws-cdk/aws-iam": "^0.28.0",
        "@aws-cdk/aws-kms": "^0.28.0",
        "@aws-cdk/aws-lambda": "^0.28.0",
        "@aws-cdk/cdk": "^0.28.0"
      }
    },
    "@aws-cdk/aws-servicediscovery": {
      "version": "0.28.0",
      "resolved": "https://registry.npmjs.org/@aws-cdk/aws-servicediscovery/-/aws-servicediscovery-0.28.0.tgz",
      "integrity": "sha512-fWzf5Y1OIUKo1xrezSBm9wbdSNgLADho2gzbotdR0C0ENoeDcYi7K1Q3Anz+DI/57VaIm5BumZR4Tc5IvOJihA==",
      "requires": {
        "@aws-cdk/aws-ec2": "^0.28.0",
        "@aws-cdk/aws-elasticloadbalancingv2": "^0.28.0",
        "@aws-cdk/aws-route53": "^0.28.0",
        "@aws-cdk/cdk": "^0.28.0"
      }
    },
    "@aws-cdk/aws-sns": {
      "version": "0.28.0",
      "resolved": "https://registry.npmjs.org/@aws-cdk/aws-sns/-/aws-sns-0.28.0.tgz",
      "integrity": "sha512-sODq18dleHP9BWzaWKZFa8myrj8ga8NWxZkH/xX8ondnU92GyAuvr0vBUIi2ycvYiR5Z67ysPt479bYKTwG8Gg==",
      "requires": {
        "@aws-cdk/aws-autoscaling-api": "^0.28.0",
        "@aws-cdk/aws-cloudwatch": "^0.28.0",
        "@aws-cdk/aws-events": "^0.28.0",
        "@aws-cdk/aws-iam": "^0.28.0",
        "@aws-cdk/aws-lambda": "^0.28.0",
        "@aws-cdk/aws-s3-notifications": "^0.28.0",
        "@aws-cdk/aws-sqs": "^0.28.0",
        "@aws-cdk/cdk": "^0.28.0"
      }
    },
    "@aws-cdk/aws-sqs": {
      "version": "0.28.0",
      "resolved": "https://registry.npmjs.org/@aws-cdk/aws-sqs/-/aws-sqs-0.28.0.tgz",
      "integrity": "sha512-tbECSXlg3/deeLzdg0x00cFE5mkNf1l9QLU7i5eh4ACgE9xcOfx7ImYGEv49Z2xd6atLU3rlkiHUBIbLtbKl7A==",
      "requires": {
        "@aws-cdk/aws-autoscaling-api": "^0.28.0",
        "@aws-cdk/aws-cloudwatch": "^0.28.0",
        "@aws-cdk/aws-iam": "^0.28.0",
        "@aws-cdk/aws-kms": "^0.28.0",
        "@aws-cdk/aws-s3-notifications": "^0.28.0",
        "@aws-cdk/cdk": "^0.28.0"
      }
    },
    "@aws-cdk/aws-stepfunctions": {
      "version": "0.28.0",
      "resolved": "https://registry.npmjs.org/@aws-cdk/aws-stepfunctions/-/aws-stepfunctions-0.28.0.tgz",
      "integrity": "sha512-3pXYSGR6PFlmhaHrQ/gE6BuguEP48WV3kkdmmnSz5VCRiaU1Y2MEaCgWfF0TLhwZpg7G//E/LWste0eEUPvupw==",
      "requires": {
        "@aws-cdk/aws-cloudwatch": "^0.28.0",
        "@aws-cdk/aws-events": "^0.28.0",
        "@aws-cdk/aws-iam": "^0.28.0",
        "@aws-cdk/cdk": "^0.28.0"
      }
    },
    "@aws-cdk/cdk": {
      "version": "0.28.0",
      "resolved": "https://registry.npmjs.org/@aws-cdk/cdk/-/cdk-0.28.0.tgz",
      "integrity": "sha512-KfCLy2irBh2Br8V1X7uYPa6+S+GKJvIei4eRweC3gA2bJ/vjF85QBzTJ7DxCv9OQqjJEmBsH0cLzZNc8EUp/YQ==",
      "requires": {
        "@aws-cdk/cx-api": "^0.28.0"
      }
    },
    "@aws-cdk/cx-api": {
      "version": "0.28.0",
      "resolved": "https://registry.npmjs.org/@aws-cdk/cx-api/-/cx-api-0.28.0.tgz",
      "integrity": "sha512-nEFWYRtpJqFP5LR8zJhVJ0tQUX7dJjJjtpU64YUiZUglZf8rJ2tKjKS3MiM4+UC0vBcG1Y/jO0oYny2Hhcx1PA=="
    },
    "@aws-cdk/region-info": {
      "version": "0.28.0",
      "resolved": "https://registry.npmjs.org/@aws-cdk/region-info/-/region-info-0.28.0.tgz",
      "integrity": "sha512-skAFDHyoc+mjfbze3xnjOXJFAdBzuBoZRyFjHNzqXGNuPYizCGX4uJQ+DcGsaUCgDjWG7dyJal2aX49MGErBPg=="
    },
    "@types/node": {
      "version": "8.10.45",
      "resolved": "https://registry.npmjs.org/@types/node/-/node-8.10.45.tgz",
      "integrity": "sha512-tGVTbA+i3qfXsLbq9rEq/hezaHY55QxQLeXQL2ejNgFAxxrgu8eMmYIOsRcl7hN1uTLVsKOOYacV/rcJM3sfgQ==",
      "dev": true
    },
    "typescript": {
      "version": "3.4.2",
      "resolved": "https://registry.npmjs.org/typescript/-/typescript-3.4.2.tgz",
      "integrity": "sha512-Og2Vn6Mk7JAuWA1hQdDQN/Ekm/SchX80VzLhjKN9ETYrIepBFAd8PkOdOTK2nKt0FCkmMZKBJvQ1dV1gIxPu/A==",
      "dev": true
    }
  }
}
