{
  "name": "fargate-service-with-auto-scaling",
  "version": "0.25.2",
  "lockfileVersion": 1,
  "requires": true,
  "dependencies": {
    "@aws-cdk/assets": {
      "version": "0.26.0",
      "resolved": "https://registry.npmjs.org/@aws-cdk/assets/-/assets-0.26.0.tgz",
      "integrity": "sha512-kuuJLSCXF4nmliohxqii8akrB/oSzylhszT8ACGzMQ40uPyx7C1WouuZpDqMXPp6rp2ak4sWuO+jPDl0q1xrwA==",
      "requires": {
        "@aws-cdk/aws-iam": "^0.26.0",
        "@aws-cdk/aws-s3": "^0.26.0",
        "@aws-cdk/cdk": "^0.26.0",
        "@aws-cdk/cx-api": "^0.26.0"
      }
    },
    "@aws-cdk/assets-docker": {
      "version": "0.26.0",
      "resolved": "https://registry.npmjs.org/@aws-cdk/assets-docker/-/assets-docker-0.26.0.tgz",
      "integrity": "sha512-LVAQbwEmcnzQ2/ndGUjX3jGtIWcOCrpNbAd1l+o2a4wBJnW3auHtdVxdpvY7lbN1xUgJcPMorEbqs1KFqbyffg==",
      "requires": {
        "@aws-cdk/aws-cloudformation": "^0.26.0",
        "@aws-cdk/aws-ecr": "^0.26.0",
        "@aws-cdk/aws-iam": "^0.26.0",
        "@aws-cdk/aws-lambda": "^0.26.0",
        "@aws-cdk/aws-s3": "^0.26.0",
        "@aws-cdk/cdk": "^0.26.0",
        "@aws-cdk/cx-api": "^0.26.0"
      }
    },
    "@aws-cdk/aws-applicationautoscaling": {
      "version": "0.26.0",
      "resolved": "https://registry.npmjs.org/@aws-cdk/aws-applicationautoscaling/-/aws-applicationautoscaling-0.26.0.tgz",
      "integrity": "sha512-HLceO2QSkbJdVk3fUqnoG4qA7QmmxpoVJvbaLxZNSY4w00yqxJ9lGJ9XWEdjXPMcEULnLYccRQOrEZND+Nlhhg==",
      "requires": {
        "@aws-cdk/aws-autoscaling-common": "^0.26.0",
        "@aws-cdk/aws-cloudwatch": "^0.26.0",
        "@aws-cdk/aws-iam": "^0.26.0",
        "@aws-cdk/cdk": "^0.26.0"
      }
    },
    "@aws-cdk/aws-autoscaling": {
      "version": "0.26.0",
      "resolved": "https://registry.npmjs.org/@aws-cdk/aws-autoscaling/-/aws-autoscaling-0.26.0.tgz",
      "integrity": "sha512-DNool5JOzKNlMJoO64Vk4aQ9gYoJVcCUwFS9opopu1APP7cf4N8DFI5j2aBiRNSWdW7OMSCxRsAvb7rJDVF7tw==",
      "requires": {
        "@aws-cdk/aws-autoscaling-api": "^0.26.0",
        "@aws-cdk/aws-autoscaling-common": "^0.26.0",
        "@aws-cdk/aws-cloudwatch": "^0.26.0",
        "@aws-cdk/aws-ec2": "^0.26.0",
        "@aws-cdk/aws-elasticloadbalancing": "^0.26.0",
        "@aws-cdk/aws-elasticloadbalancingv2": "^0.26.0",
        "@aws-cdk/aws-iam": "^0.26.0",
        "@aws-cdk/aws-sns": "^0.26.0",
        "@aws-cdk/cdk": "^0.26.0"
      }
    },
    "@aws-cdk/aws-autoscaling-api": {
      "version": "0.26.0",
      "resolved": "https://registry.npmjs.org/@aws-cdk/aws-autoscaling-api/-/aws-autoscaling-api-0.26.0.tgz",
      "integrity": "sha512-dz2mJPzMcmzFVJOH9Y7hxsOVt9yEi9GQTNsvyO4gxL/dw0rYoyM9oE4Ye8zGQCCwreboNp7mHPEED/VSdqZMVw==",
      "requires": {
        "@aws-cdk/aws-iam": "^0.26.0",
        "@aws-cdk/cdk": "^0.26.0"
      }
    },
    "@aws-cdk/aws-autoscaling-common": {
      "version": "0.26.0",
      "resolved": "https://registry.npmjs.org/@aws-cdk/aws-autoscaling-common/-/aws-autoscaling-common-0.26.0.tgz",
      "integrity": "sha512-GkDe6tSKZ3iHz9pJjzJqH/DkXflrDSDQaNbGh4f2tJA2+yOZ9o3rgo0uAKauRiIN7+oz99+KuMC92ceWQLlcqg==",
      "requires": {
        "@aws-cdk/aws-iam": "^0.26.0",
        "@aws-cdk/cdk": "^0.26.0"
      }
    },
    "@aws-cdk/aws-certificatemanager": {
      "version": "0.26.0",
      "resolved": "https://registry.npmjs.org/@aws-cdk/aws-certificatemanager/-/aws-certificatemanager-0.26.0.tgz",
      "integrity": "sha512-MeCTe9fPcQe1CnJGJA0E9mkOZMOEQ98CXsL/JozWglR5yz6XneiOlPa1xLAFCpxbBxXVpGE5BwECoiGGNP6E1Q==",
      "requires": {
        "@aws-cdk/aws-cloudformation": "^0.26.0",
        "@aws-cdk/aws-iam": "^0.26.0",
        "@aws-cdk/aws-lambda": "^0.26.0",
        "@aws-cdk/aws-route53": "^0.26.0",
        "@aws-cdk/cdk": "^0.26.0"
      }
    },
    "@aws-cdk/aws-cloudformation": {
      "version": "0.26.0",
      "resolved": "https://registry.npmjs.org/@aws-cdk/aws-cloudformation/-/aws-cloudformation-0.26.0.tgz",
      "integrity": "sha512-yB7l8gZhD+70iv8/z4UmwYu/nWFFesmjCuIdTdHsyUzi2HT7xW1f3zN31pes3+3QvIuLyOMAlU0hgUUYWjm/aA==",
      "requires": {
        "@aws-cdk/aws-codepipeline-api": "^0.26.0",
        "@aws-cdk/aws-iam": "^0.26.0",
        "@aws-cdk/aws-lambda": "^0.26.0",
        "@aws-cdk/aws-sns": "^0.26.0",
        "@aws-cdk/cdk": "^0.26.0"
      }
    },
    "@aws-cdk/aws-cloudwatch": {
      "version": "0.26.0",
      "resolved": "https://registry.npmjs.org/@aws-cdk/aws-cloudwatch/-/aws-cloudwatch-0.26.0.tgz",
      "integrity": "sha512-QPf+7fRDUduVMmAGdPs3YAHNve3RPMTxdbYCOuYUlINPKCKscQ0ADd02yS6UGdJrmkVwKQ4BTfeUYUu3yEUcQA==",
      "requires": {
        "@aws-cdk/aws-iam": "^0.26.0",
        "@aws-cdk/cdk": "^0.26.0"
      }
    },
    "@aws-cdk/aws-codedeploy-api": {
      "version": "0.26.0",
      "resolved": "https://registry.npmjs.org/@aws-cdk/aws-codedeploy-api/-/aws-codedeploy-api-0.26.0.tgz",
      "integrity": "sha512-ilhbxQEsKskZu5jqiSpFTllDmeaIglabMYEHyjUGe++KvbYQxkY2Ih7wkAmQr5ZCX3bm191kaohvo3sYpQFtpQ==",
      "requires": {
        "@aws-cdk/cdk": "^0.26.0"
      }
    },
    "@aws-cdk/aws-codepipeline-api": {
      "version": "0.26.0",
      "resolved": "https://registry.npmjs.org/@aws-cdk/aws-codepipeline-api/-/aws-codepipeline-api-0.26.0.tgz",
      "integrity": "sha512-JiRuHpCK/UvP0pHTwIvV8UtZI5sbHxhiIzwPNovOcjY6ayhEGZbgnScdCh5ID6ann6pEmSxg2ESV8k5nz1049g==",
      "requires": {
        "@aws-cdk/aws-events": "^0.26.0",
        "@aws-cdk/aws-iam": "^0.26.0",
        "@aws-cdk/cdk": "^0.26.0"
      }
    },
    "@aws-cdk/aws-ec2": {
      "version": "0.26.0",
      "resolved": "https://registry.npmjs.org/@aws-cdk/aws-ec2/-/aws-ec2-0.26.0.tgz",
      "integrity": "sha512-0z65L1K1aoBqg61f2gSyWhiFjaTuLtpX/PkiW5dEZoZCSsrgvHr8MfcVgDD0qvWUVrnlj6UkxekxJLeAz6v/hQ==",
      "requires": {
        "@aws-cdk/aws-cloudwatch": "^0.26.0",
        "@aws-cdk/aws-iam": "^0.26.0",
        "@aws-cdk/cdk": "^0.26.0",
        "@aws-cdk/cx-api": "^0.26.0"
      }
    },
    "@aws-cdk/aws-ecr": {
      "version": "0.26.0",
      "resolved": "https://registry.npmjs.org/@aws-cdk/aws-ecr/-/aws-ecr-0.26.0.tgz",
      "integrity": "sha512-xkEPQpnLjSZLF83s6qK9PIuxDmmlEVpEqag9dz/KoJt5rk44hOjMAbYjgSRL09JJdgZslt7tRaP3HXMNek3JtA==",
      "requires": {
        "@aws-cdk/aws-codepipeline-api": "^0.26.0",
        "@aws-cdk/aws-events": "^0.26.0",
        "@aws-cdk/aws-iam": "^0.26.0",
        "@aws-cdk/cdk": "^0.26.0"
      }
    },
    "@aws-cdk/aws-ecs": {
      "version": "0.26.0",
      "resolved": "https://registry.npmjs.org/@aws-cdk/aws-ecs/-/aws-ecs-0.26.0.tgz",
      "integrity": "sha512-j2/6/Dtg+VxnH0vxKyB4wmIzpsSxDwbtXWvyy7g8SnqYTWMYLvyGSjtqxZSjsJEkQ9ikAJCn1w6C1xaFvWQXWA==",
      "requires": {
        "@aws-cdk/assets-docker": "^0.26.0",
        "@aws-cdk/aws-applicationautoscaling": "^0.26.0",
        "@aws-cdk/aws-autoscaling": "^0.26.0",
        "@aws-cdk/aws-certificatemanager": "^0.26.0",
        "@aws-cdk/aws-cloudformation": "^0.26.0",
        "@aws-cdk/aws-cloudwatch": "^0.26.0",
        "@aws-cdk/aws-ec2": "^0.26.0",
        "@aws-cdk/aws-ecr": "^0.26.0",
        "@aws-cdk/aws-elasticloadbalancing": "^0.26.0",
        "@aws-cdk/aws-elasticloadbalancingv2": "^0.26.0",
        "@aws-cdk/aws-events": "^0.26.0",
        "@aws-cdk/aws-iam": "^0.26.0",
        "@aws-cdk/aws-lambda": "^0.26.0",
        "@aws-cdk/aws-logs": "^0.26.0",
        "@aws-cdk/aws-route53": "^0.26.0",
        "@aws-cdk/aws-secretsmanager": "^0.26.0",
        "@aws-cdk/aws-sns": "^0.26.0",
        "@aws-cdk/cdk": "^0.26.0",
        "@aws-cdk/cx-api": "^0.26.0"
      }
    },
    "@aws-cdk/aws-elasticloadbalancing": {
      "version": "0.26.0",
      "resolved": "https://registry.npmjs.org/@aws-cdk/aws-elasticloadbalancing/-/aws-elasticloadbalancing-0.26.0.tgz",
      "integrity": "sha512-OI0VqfzWrXqM3heFTE6toSJ0NETp5DWLVfX3Av1UMYLra6fUi6w2DGvwKCnGacPubylGo3YN7o6QNn/w6t1vvA==",
      "requires": {
        "@aws-cdk/aws-codedeploy-api": "^0.26.0",
        "@aws-cdk/aws-ec2": "^0.26.0",
        "@aws-cdk/cdk": "^0.26.0"
      }
    },
    "@aws-cdk/aws-elasticloadbalancingv2": {
      "version": "0.26.0",
      "resolved": "https://registry.npmjs.org/@aws-cdk/aws-elasticloadbalancingv2/-/aws-elasticloadbalancingv2-0.26.0.tgz",
      "integrity": "sha512-NP2XaZ5O5U6u8YlPA1LbLLNPr72Y/mMk06e0d6Eh0rBK7aG9uCwuTTE9jUgEhXcRoGgy9f0ZCs+ZmnecYCIYkg==",
      "requires": {
        "@aws-cdk/aws-cloudwatch": "^0.26.0",
        "@aws-cdk/aws-codedeploy-api": "^0.26.0",
        "@aws-cdk/aws-ec2": "^0.26.0",
        "@aws-cdk/aws-iam": "^0.26.0",
        "@aws-cdk/aws-route53": "^0.26.0",
        "@aws-cdk/aws-s3": "^0.26.0",
        "@aws-cdk/cdk": "^0.26.0"
      }
    },
    "@aws-cdk/aws-events": {
      "version": "0.26.0",
      "resolved": "https://registry.npmjs.org/@aws-cdk/aws-events/-/aws-events-0.26.0.tgz",
      "integrity": "sha512-dEodAG/tQDTrNaLy2ScHBCeXADMQTnD29ickQViXb0TERjdDm1pc7Q+YQ87z9iulC0RF4a2BdVYyqYERohdSDg==",
      "requires": {
        "@aws-cdk/aws-iam": "^0.26.0",
        "@aws-cdk/cdk": "^0.26.0"
      }
    },
    "@aws-cdk/aws-iam": {
      "version": "0.26.0",
      "resolved": "https://registry.npmjs.org/@aws-cdk/aws-iam/-/aws-iam-0.26.0.tgz",
      "integrity": "sha512-2kgWnySKXpKI0gXjXAczQb42L2kxHsLugEBRpmEza3ixSI0um0rfzrygMD8fj6R/6dzJQO8xsZREWZGDaNKChQ==",
      "requires": {
        "@aws-cdk/cdk": "^0.26.0",
        "@aws-cdk/region-info": "^0.26.0"
      }
    },
    "@aws-cdk/aws-kms": {
      "version": "0.26.0",
      "resolved": "https://registry.npmjs.org/@aws-cdk/aws-kms/-/aws-kms-0.26.0.tgz",
      "integrity": "sha512-2rAm+b9sQVrZwPb2uSwgZHb4bP/5jRzFi2ITEA/o1s43ie1BOR9IvjTq596dQ4geTk5zfvLtrOfao0IGMz0MDQ==",
      "requires": {
        "@aws-cdk/aws-iam": "^0.26.0",
        "@aws-cdk/cdk": "^0.26.0"
      }
    },
    "@aws-cdk/aws-lambda": {
      "version": "0.26.0",
      "resolved": "https://registry.npmjs.org/@aws-cdk/aws-lambda/-/aws-lambda-0.26.0.tgz",
      "integrity": "sha512-VXYzPLiv1vlVoYEpbtI2XKZ0sClHfdYniGqQpEkY4vRXceth8cH3kD+XSXk8aXwrqyDn5Q0Oxp2c4GuaSKCdMA==",
      "requires": {
        "@aws-cdk/assets": "^0.26.0",
        "@aws-cdk/aws-cloudwatch": "^0.26.0",
        "@aws-cdk/aws-codepipeline-api": "^0.26.0",
        "@aws-cdk/aws-ec2": "^0.26.0",
        "@aws-cdk/aws-events": "^0.26.0",
        "@aws-cdk/aws-iam": "^0.26.0",
        "@aws-cdk/aws-logs": "^0.26.0",
        "@aws-cdk/aws-s3": "^0.26.0",
        "@aws-cdk/aws-s3-notifications": "^0.26.0",
        "@aws-cdk/aws-sqs": "^0.26.0",
        "@aws-cdk/aws-stepfunctions": "^0.26.0",
        "@aws-cdk/cdk": "^0.26.0",
        "@aws-cdk/cx-api": "^0.26.0"
      }
    },
    "@aws-cdk/aws-logs": {
      "version": "0.26.0",
      "resolved": "https://registry.npmjs.org/@aws-cdk/aws-logs/-/aws-logs-0.26.0.tgz",
      "integrity": "sha512-uB8WwXzmUXASFpVb1CIQ9V119032OTX5SE9gblYCTguPhtKKvF3gUdUBuzZbKS6gdGpWHabq8IUoVRGD/oZzIA==",
      "requires": {
        "@aws-cdk/aws-cloudwatch": "^0.26.0",
        "@aws-cdk/aws-iam": "^0.26.0",
        "@aws-cdk/cdk": "^0.26.0"
      }
    },
    "@aws-cdk/aws-route53": {
      "version": "0.26.0",
      "resolved": "https://registry.npmjs.org/@aws-cdk/aws-route53/-/aws-route53-0.26.0.tgz",
      "integrity": "sha512-YmNEn5U3eozBIcC3HDetOtCz6qgCHYvujbpXXt/Wsj8bvDTvskSgx87xxAlRYjQPesayaQTgEnNe+PF9JHeX6A==",
      "requires": {
        "@aws-cdk/aws-ec2": "^0.26.0",
        "@aws-cdk/aws-logs": "^0.26.0",
        "@aws-cdk/cdk": "^0.26.0",
        "@aws-cdk/cx-api": "^0.26.0"
      }
    },
    "@aws-cdk/aws-s3": {
      "version": "0.26.0",
      "resolved": "https://registry.npmjs.org/@aws-cdk/aws-s3/-/aws-s3-0.26.0.tgz",
      "integrity": "sha512-lfBXEIlweKiHsb0SWYsdCxP/SEndqWTrnJucQKWRiPyCKsIDYJVBvFJbgl0aC/2DEKBc3LuRRw0ylLdhSXFWsw==",
      "requires": {
        "@aws-cdk/aws-codepipeline-api": "^0.26.0",
        "@aws-cdk/aws-events": "^0.26.0",
        "@aws-cdk/aws-iam": "^0.26.0",
        "@aws-cdk/aws-kms": "^0.26.0",
        "@aws-cdk/aws-s3-notifications": "^0.26.0",
        "@aws-cdk/cdk": "^0.26.0"
      }
    },
    "@aws-cdk/aws-s3-notifications": {
      "version": "0.26.0",
      "resolved": "https://registry.npmjs.org/@aws-cdk/aws-s3-notifications/-/aws-s3-notifications-0.26.0.tgz",
      "integrity": "sha512-6ByLqb1sbbBjiiYaX9Q/keXBSJ1SxCzmM7r1vgXmYteQ1VkW5Th142YPtwXwP7nqYbiDeHJfvTk5NVdU+rtvSQ==",
      "requires": {
        "@aws-cdk/cdk": "^0.26.0"
      }
    },
    "@aws-cdk/aws-secretsmanager": {
      "version": "0.26.0",
      "resolved": "https://registry.npmjs.org/@aws-cdk/aws-secretsmanager/-/aws-secretsmanager-0.26.0.tgz",
      "integrity": "sha512-Bswsze+imhS0zZtbottdi6dng9f00PjI2it38j8EUeFp7m2rgwJ3zrJ4km1a5cu4u0u0cnkvc4stPLumETP0ug==",
      "requires": {
        "@aws-cdk/aws-iam": "^0.26.0",
        "@aws-cdk/aws-kms": "^0.26.0",
        "@aws-cdk/cdk": "^0.26.0"
      }
    },
    "@aws-cdk/aws-sns": {
      "version": "0.26.0",
      "resolved": "https://registry.npmjs.org/@aws-cdk/aws-sns/-/aws-sns-0.26.0.tgz",
      "integrity": "sha512-QZseBIlcwZLGEMxOLHaEQAnYIKZrB+ykl+LfL3rAVpTGfmEuwTIgKC8/8f5nV76MT2aAYzbxCrrV+uGW4AlZcg==",
      "requires": {
        "@aws-cdk/aws-autoscaling-api": "^0.26.0",
        "@aws-cdk/aws-cloudwatch": "^0.26.0",
        "@aws-cdk/aws-events": "^0.26.0",
        "@aws-cdk/aws-iam": "^0.26.0",
        "@aws-cdk/aws-lambda": "^0.26.0",
        "@aws-cdk/aws-s3-notifications": "^0.26.0",
        "@aws-cdk/aws-sqs": "^0.26.0",
        "@aws-cdk/cdk": "^0.26.0"
      }
    },
    "@aws-cdk/aws-sqs": {
      "version": "0.26.0",
      "resolved": "https://registry.npmjs.org/@aws-cdk/aws-sqs/-/aws-sqs-0.26.0.tgz",
      "integrity": "sha512-AW5lLWksAqSXYrS2v7TNB83XXMGgFe/Khtqm5/ptxmhpNGhe+CmHSFV4Jsj+BZb8SE/pBW5GjJseaxB3nHUxJw==",
      "requires": {
        "@aws-cdk/aws-autoscaling-api": "^0.26.0",
        "@aws-cdk/aws-cloudwatch": "^0.26.0",
        "@aws-cdk/aws-iam": "^0.26.0",
        "@aws-cdk/aws-kms": "^0.26.0",
        "@aws-cdk/aws-s3-notifications": "^0.26.0",
        "@aws-cdk/cdk": "^0.26.0"
      }
    },
    "@aws-cdk/aws-stepfunctions": {
      "version": "0.26.0",
      "resolved": "https://registry.npmjs.org/@aws-cdk/aws-stepfunctions/-/aws-stepfunctions-0.26.0.tgz",
      "integrity": "sha512-BhGUYueVmjp5ge6jHqJzNN55sKxghQzfu0RNOJ3UrUJcpNQXj4WSdtUCtU9196Ny6SjpbU6W+dLGFdCQxUUp0Q==",
      "requires": {
        "@aws-cdk/aws-cloudwatch": "^0.26.0",
        "@aws-cdk/aws-events": "^0.26.0",
        "@aws-cdk/aws-iam": "^0.26.0",
        "@aws-cdk/cdk": "^0.26.0"
      }
    },
    "@aws-cdk/cdk": {
      "version": "0.26.0",
      "resolved": "https://registry.npmjs.org/@aws-cdk/cdk/-/cdk-0.26.0.tgz",
      "integrity": "sha512-ZYWxEn5ZDLSzknrAcFarMQzMKI8sZ4mtQ7Xh0Nr8EojjPomsNsWrbTM0Ysh88CnZkikZRxfimW5XQo+aZnivKQ==",
      "requires": {
        "@aws-cdk/cx-api": "^0.26.0"
      }
    },
    "@aws-cdk/cx-api": {
      "version": "0.26.0",
      "resolved": "https://registry.npmjs.org/@aws-cdk/cx-api/-/cx-api-0.26.0.tgz",
      "integrity": "sha512-MO/JgF2DA8Bqz9e06Y4ZSxYCx6FFwI10Pda85f+F+YdvRV5Zhimx+MW57hG0miUSWCbDpu6NGisEfes7WM42Dg=="
    },
    "@aws-cdk/region-info": {
      "version": "0.26.0",
      "resolved": "https://registry.npmjs.org/@aws-cdk/region-info/-/region-info-0.26.0.tgz",
      "integrity": "sha512-PAwcFwxp7sB75QzDqtf+T/P152Pr4m+TuE2zRP0KVYR8y5Vmt3s4CEX2zj0ZRdzgkesY/5vkYQWc/XlNFw1FqQ=="
    },
    "@types/node": {
      "version": "8.10.44",
      "resolved": "https://registry.npmjs.org/@types/node/-/node-8.10.44.tgz",
      "integrity": "sha512-HY3SK7egERHGUfY8p6ztXIEQWcIPHouYhCGcLAPQin7gE2G/fALFz+epnMwcxKUS6aKqTVoAFdi+t1llQd3xcw==",
      "dev": true
    },
    "typescript": {
      "version": "3.3.4000",
      "resolved": "https://registry.npmjs.org/typescript/-/typescript-3.3.4000.tgz",
      "integrity": "sha512-jjOcCZvpkl2+z7JFn0yBOoLQyLoIkNZAs/fYJkUG6VKy6zLPHJGfQJYFHzibB6GJaF/8QrcECtlQ5cpvRHSMEA==",
      "dev": true
    }
  }
}
