{
  "name": "fargate-service-with-auto-scaling",
  "version": "0.25.2",
  "lockfileVersion": 1,
  "requires": true,
  "dependencies": {
    "@aws-cdk/assets": {
      "version": "0.29.0",
      "resolved": "https://registry.npmjs.org/@aws-cdk/assets/-/assets-0.29.0.tgz",
      "integrity": "sha512-OfAq/xxGd+Fh6nsXKpTrKzRfi9Q8lsTd5+PyLeuMyVAHE6mPGXi0qL93T4dtwErDEEXVlLWBiMFpvBztNKSgLw==",
      "requires": {
        "@aws-cdk/aws-iam": "^0.29.0",
        "@aws-cdk/aws-s3": "^0.29.0",
        "@aws-cdk/cdk": "^0.29.0",
        "@aws-cdk/cx-api": "^0.29.0",
        "minimatch": "^3.0.4"
      },
      "dependencies": {
        "balanced-match": {
          "version": "1.0.0",
          "bundled": true
        },
        "brace-expansion": {
          "version": "1.1.11",
          "bundled": true,
          "requires": {
            "balanced-match": "^1.0.0",
            "concat-map": "0.0.1"
          }
        },
        "concat-map": {
          "version": "0.0.1",
          "bundled": true
        },
        "minimatch": {
          "version": "3.0.4",
          "bundled": true,
          "requires": {
            "brace-expansion": "^1.1.7"
          }
        }
      }
    },
    "@aws-cdk/assets-docker": {
      "version": "0.29.0",
      "resolved": "https://registry.npmjs.org/@aws-cdk/assets-docker/-/assets-docker-0.29.0.tgz",
      "integrity": "sha512-HsNHktSe1+6n2Z4r+qi3BOtmdX4kLbzaZAaoUUtUhN3I3W8ghHSctGI3L9XdIudEmoZbmhUJK9+vyajNCd8bxg==",
      "requires": {
        "@aws-cdk/assets": "^0.29.0",
        "@aws-cdk/aws-cloudformation": "^0.29.0",
        "@aws-cdk/aws-ecr": "^0.29.0",
        "@aws-cdk/aws-iam": "^0.29.0",
        "@aws-cdk/aws-lambda": "^0.29.0",
        "@aws-cdk/aws-s3": "^0.29.0",
        "@aws-cdk/cdk": "^0.29.0",
        "@aws-cdk/cx-api": "^0.29.0"
      }
    },
    "@aws-cdk/aws-applicationautoscaling": {
      "version": "0.29.0",
      "resolved": "https://registry.npmjs.org/@aws-cdk/aws-applicationautoscaling/-/aws-applicationautoscaling-0.29.0.tgz",
      "integrity": "sha512-fLmBtr3WfkuiaSolseixITw7wkWszaJzv/MfZ/JpLVZai+DsDaetibr5BnHo2JPwdMXS1APqWolwR8OoRFUchg==",
      "requires": {
        "@aws-cdk/aws-autoscaling-common": "^0.29.0",
        "@aws-cdk/aws-cloudwatch": "^0.29.0",
        "@aws-cdk/aws-iam": "^0.29.0",
        "@aws-cdk/cdk": "^0.29.0"
      }
    },
    "@aws-cdk/aws-autoscaling": {
      "version": "0.29.0",
      "resolved": "https://registry.npmjs.org/@aws-cdk/aws-autoscaling/-/aws-autoscaling-0.29.0.tgz",
      "integrity": "sha512-RoMLb3+t/bkXUVShl86Fjjdj5XWAUc/hv/Cwjhk7c8/+i+Cyj0AlWWZ/CY81gTojRF+gMZmz79Wb7HIEaZjDow==",
      "requires": {
        "@aws-cdk/aws-autoscaling-api": "^0.29.0",
        "@aws-cdk/aws-autoscaling-common": "^0.29.0",
        "@aws-cdk/aws-cloudwatch": "^0.29.0",
        "@aws-cdk/aws-ec2": "^0.29.0",
        "@aws-cdk/aws-elasticloadbalancing": "^0.29.0",
        "@aws-cdk/aws-elasticloadbalancingv2": "^0.29.0",
        "@aws-cdk/aws-iam": "^0.29.0",
        "@aws-cdk/aws-sns": "^0.29.0",
        "@aws-cdk/cdk": "^0.29.0"
      }
    },
    "@aws-cdk/aws-autoscaling-api": {
      "version": "0.29.0",
      "resolved": "https://registry.npmjs.org/@aws-cdk/aws-autoscaling-api/-/aws-autoscaling-api-0.29.0.tgz",
      "integrity": "sha512-9rwx90OJelKPPGuL9OY/fs8AijKfU+sC8hsaTZ9bc9AjiPeUCc8/d+jvaJbw7Gc0PV0l0HNC2zKo95pGt6Bqug==",
      "requires": {
        "@aws-cdk/aws-iam": "^0.29.0",
        "@aws-cdk/cdk": "^0.29.0"
      }
    },
    "@aws-cdk/aws-autoscaling-common": {
      "version": "0.29.0",
      "resolved": "https://registry.npmjs.org/@aws-cdk/aws-autoscaling-common/-/aws-autoscaling-common-0.29.0.tgz",
      "integrity": "sha512-Ihe3gBXUTY5liNqU1itrnpVK7a4aJPSIp8zBMdxymyILfDVP/Jyw/RlwJZMuXHQbozdUp/Bd34L+QOjkWh4A7w==",
      "requires": {
        "@aws-cdk/aws-iam": "^0.29.0",
        "@aws-cdk/cdk": "^0.29.0"
      }
    },
    "@aws-cdk/aws-certificatemanager": {
      "version": "0.29.0",
      "resolved": "https://registry.npmjs.org/@aws-cdk/aws-certificatemanager/-/aws-certificatemanager-0.29.0.tgz",
      "integrity": "sha512-KUsCXq4Tf/Dpf9jH6cLhYl5bzHpxdXrG6gdIEjmjbHt9lqcRBXWclvn+ItyveBiBq81CB9czs+ypsBX5gbmi9Q==",
      "requires": {
        "@aws-cdk/aws-cloudformation": "^0.29.0",
        "@aws-cdk/aws-iam": "^0.29.0",
        "@aws-cdk/aws-lambda": "^0.29.0",
        "@aws-cdk/aws-route53": "^0.29.0",
        "@aws-cdk/cdk": "^0.29.0"
      }
    },
    "@aws-cdk/aws-cloudformation": {
      "version": "0.29.0",
      "resolved": "https://registry.npmjs.org/@aws-cdk/aws-cloudformation/-/aws-cloudformation-0.29.0.tgz",
      "integrity": "sha512-JwyqWMjmHstRZu1Zlih+Y+NvC5c8SVpybzcEmrAfwxa4e8fyzpCrWg+iJHhUZWXof/wQRD1ZsL/WUdVEwZfKJA==",
      "requires": {
        "@aws-cdk/aws-iam": "^0.29.0",
        "@aws-cdk/aws-lambda": "^0.29.0",
        "@aws-cdk/aws-sns": "^0.29.0",
        "@aws-cdk/cdk": "^0.29.0"
      }
    },
    "@aws-cdk/aws-cloudwatch": {
      "version": "0.29.0",
      "resolved": "https://registry.npmjs.org/@aws-cdk/aws-cloudwatch/-/aws-cloudwatch-0.29.0.tgz",
      "integrity": "sha512-ju7QMNUWZoVmboGZIZ7jhmE/l2W0YVngkyX6EZSWXaU/AP7NR2we+zvmdjkQXdMLIc55KO245RI/6/AMORjMKA==",
      "requires": {
        "@aws-cdk/aws-iam": "^0.29.0",
        "@aws-cdk/cdk": "^0.29.0"
      }
    },
    "@aws-cdk/aws-codedeploy-api": {
      "version": "0.29.0",
      "resolved": "https://registry.npmjs.org/@aws-cdk/aws-codedeploy-api/-/aws-codedeploy-api-0.29.0.tgz",
      "integrity": "sha512-LRal2nF6CxRETIIv3wLGmu1yqt3xEKUVe/MNHdf4WJCe+5QGlha/0AS3mpXDnCjGejb/uzeVgZLLCQEwV1cS0w==",
      "requires": {
        "@aws-cdk/cdk": "^0.29.0"
      }
    },
    "@aws-cdk/aws-ec2": {
      "version": "0.29.0",
      "resolved": "https://registry.npmjs.org/@aws-cdk/aws-ec2/-/aws-ec2-0.29.0.tgz",
      "integrity": "sha512-FyxSw21aB3o8LwrRjhKN+tDOjgOG7dHVFx2DaXMMBTxy5/3DFhluiwQS8Bf1OYidCvlyf8PwJfrHM7sZjnC3gQ==",
      "requires": {
        "@aws-cdk/aws-cloudwatch": "^0.29.0",
        "@aws-cdk/aws-iam": "^0.29.0",
        "@aws-cdk/cdk": "^0.29.0",
        "@aws-cdk/cx-api": "^0.29.0"
      }
    },
    "@aws-cdk/aws-ecr": {
      "version": "0.29.0",
      "resolved": "https://registry.npmjs.org/@aws-cdk/aws-ecr/-/aws-ecr-0.29.0.tgz",
      "integrity": "sha512-1Y9IrWz4RhiOCijEYvFpyo5URoG9vqrv7PcyzIC1igJo+vrjDkoy/8nIvMUedPJcAAanX2UmYzjOb+iLQzk9/g==",
      "requires": {
        "@aws-cdk/aws-events": "^0.29.0",
        "@aws-cdk/aws-iam": "^0.29.0",
        "@aws-cdk/cdk": "^0.29.0"
      }
    },
    "@aws-cdk/aws-ecs": {
      "version": "0.29.0",
      "resolved": "https://registry.npmjs.org/@aws-cdk/aws-ecs/-/aws-ecs-0.29.0.tgz",
      "integrity": "sha512-LGCqecu7h4ufdUgjTE0mcMvywqnTihO7Krt4CNdr3qJ7RfoSQ7hNxNuEZBJ273kMBMbax/ZIk7pADgvWHAfVsA==",
      "requires": {
        "@aws-cdk/assets-docker": "^0.29.0",
        "@aws-cdk/aws-applicationautoscaling": "^0.29.0",
        "@aws-cdk/aws-autoscaling": "^0.29.0",
        "@aws-cdk/aws-certificatemanager": "^0.29.0",
        "@aws-cdk/aws-cloudformation": "^0.29.0",
        "@aws-cdk/aws-cloudwatch": "^0.29.0",
        "@aws-cdk/aws-ec2": "^0.29.0",
        "@aws-cdk/aws-ecr": "^0.29.0",
        "@aws-cdk/aws-elasticloadbalancing": "^0.29.0",
        "@aws-cdk/aws-elasticloadbalancingv2": "^0.29.0",
        "@aws-cdk/aws-events": "^0.29.0",
        "@aws-cdk/aws-iam": "^0.29.0",
        "@aws-cdk/aws-lambda": "^0.29.0",
        "@aws-cdk/aws-logs": "^0.29.0",
        "@aws-cdk/aws-route53": "^0.29.0",
        "@aws-cdk/aws-secretsmanager": "^0.29.0",
        "@aws-cdk/aws-servicediscovery": "^0.29.0",
        "@aws-cdk/aws-sns": "^0.29.0",
        "@aws-cdk/cdk": "^0.29.0",
        "@aws-cdk/cx-api": "^0.29.0"
      }
    },
    "@aws-cdk/aws-elasticloadbalancing": {
      "version": "0.29.0",
      "resolved": "https://registry.npmjs.org/@aws-cdk/aws-elasticloadbalancing/-/aws-elasticloadbalancing-0.29.0.tgz",
      "integrity": "sha512-kDEDzGl+nE3p0YY5OZR21SqAL3+PLZLzDKRwrgzpU1LMwrYRpakdmlKmArXU4J1CBh8h+Goy+QqKNsQtAe6HbA==",
      "requires": {
        "@aws-cdk/aws-codedeploy-api": "^0.29.0",
        "@aws-cdk/aws-ec2": "^0.29.0",
        "@aws-cdk/cdk": "^0.29.0"
      }
    },
    "@aws-cdk/aws-elasticloadbalancingv2": {
      "version": "0.29.0",
      "resolved": "https://registry.npmjs.org/@aws-cdk/aws-elasticloadbalancingv2/-/aws-elasticloadbalancingv2-0.29.0.tgz",
      "integrity": "sha512-q3ZVR0LGRIfiNhPPyARKEdRUhQ3crWzLcz4a770AH0LyZbD4PT1vJ7VYJGP8kqOFn9HGl6Z8UI2MmGNMbX6Oaw==",
      "requires": {
        "@aws-cdk/aws-cloudwatch": "^0.29.0",
        "@aws-cdk/aws-codedeploy-api": "^0.29.0",
        "@aws-cdk/aws-ec2": "^0.29.0",
        "@aws-cdk/aws-iam": "^0.29.0",
        "@aws-cdk/aws-route53": "^0.29.0",
        "@aws-cdk/aws-s3": "^0.29.0",
        "@aws-cdk/cdk": "^0.29.0"
      }
    },
    "@aws-cdk/aws-events": {
      "version": "0.29.0",
      "resolved": "https://registry.npmjs.org/@aws-cdk/aws-events/-/aws-events-0.29.0.tgz",
      "integrity": "sha512-97dzhbtA6MyL+wpnsCxZ7whhAqMtQYD5fx+bPZzE6NjRoZ/41F1Jk5Uz9maWiVhH+1pP1joY3svxy1ZpOxXOHQ==",
      "requires": {
        "@aws-cdk/aws-iam": "^0.29.0",
        "@aws-cdk/cdk": "^0.29.0"
      }
    },
    "@aws-cdk/aws-iam": {
      "version": "0.29.0",
      "resolved": "https://registry.npmjs.org/@aws-cdk/aws-iam/-/aws-iam-0.29.0.tgz",
      "integrity": "sha512-psmUhCUFer1Cqe+2sOKndeePZuXLthdElW4QcD1LZCzh7Xi9l51T6sHM9wgOR2VDUV3u5drxWC05u3OSfNdAEQ==",
      "requires": {
        "@aws-cdk/cdk": "^0.29.0",
        "@aws-cdk/region-info": "^0.29.0"
      }
    },
    "@aws-cdk/aws-kms": {
      "version": "0.29.0",
      "resolved": "https://registry.npmjs.org/@aws-cdk/aws-kms/-/aws-kms-0.29.0.tgz",
      "integrity": "sha512-3n711C5mVIm527gkZECiEFHDqJmd9vk/vJRFlGM/1tGA8esxsRATekJsLQOchDXrU22Hsr7MhSO23CHkxzbBPg==",
      "requires": {
        "@aws-cdk/aws-iam": "^0.29.0",
        "@aws-cdk/cdk": "^0.29.0"
      }
    },
    "@aws-cdk/aws-lambda": {
      "version": "0.29.0",
      "resolved": "https://registry.npmjs.org/@aws-cdk/aws-lambda/-/aws-lambda-0.29.0.tgz",
      "integrity": "sha512-7kYZ501H3JCpJ0fbrWED3z/kqyqK2zS8cy9GmbSolXZKtUmkppWArGMXpUiCJAkwVdAj7i+3dMznzLtWus/nZA==",
      "requires": {
        "@aws-cdk/assets": "^0.29.0",
        "@aws-cdk/aws-cloudwatch": "^0.29.0",
        "@aws-cdk/aws-ec2": "^0.29.0",
        "@aws-cdk/aws-events": "^0.29.0",
        "@aws-cdk/aws-iam": "^0.29.0",
        "@aws-cdk/aws-logs": "^0.29.0",
        "@aws-cdk/aws-s3": "^0.29.0",
        "@aws-cdk/aws-s3-notifications": "^0.29.0",
        "@aws-cdk/aws-sqs": "^0.29.0",
        "@aws-cdk/aws-stepfunctions": "^0.29.0",
        "@aws-cdk/cdk": "^0.29.0",
        "@aws-cdk/cx-api": "^0.29.0"
      }
    },
    "@aws-cdk/aws-logs": {
      "version": "0.29.0",
      "resolved": "https://registry.npmjs.org/@aws-cdk/aws-logs/-/aws-logs-0.29.0.tgz",
      "integrity": "sha512-q+UzWt9yZs3Nzcz2+YNpBEf3/cpjzMV7iBTer212RtTW3FGsKv0gX4uhAMl9qFZZFve0Zfrw4XI6RLeZW/Ujsg==",
      "requires": {
        "@aws-cdk/aws-cloudwatch": "^0.29.0",
        "@aws-cdk/aws-iam": "^0.29.0",
        "@aws-cdk/cdk": "^0.29.0"
      }
    },
    "@aws-cdk/aws-route53": {
      "version": "0.29.0",
      "resolved": "https://registry.npmjs.org/@aws-cdk/aws-route53/-/aws-route53-0.29.0.tgz",
      "integrity": "sha512-cKb95zBfMrSGCSaRdKZUoqutJ7O9GYNipsPbAko1F7lm2Emkmj31PPmyaM/wSPWDU+cYk4/EBv+3rv7H/p8ZYg==",
      "requires": {
        "@aws-cdk/aws-ec2": "^0.29.0",
        "@aws-cdk/aws-logs": "^0.29.0",
        "@aws-cdk/cdk": "^0.29.0",
        "@aws-cdk/cx-api": "^0.29.0"
      }
    },
    "@aws-cdk/aws-s3": {
      "version": "0.29.0",
      "resolved": "https://registry.npmjs.org/@aws-cdk/aws-s3/-/aws-s3-0.29.0.tgz",
      "integrity": "sha512-npp4IDHKog+F3SDIawU+VXpMz4/sSD7oHIvmdmhkUZaHtxw0QmArPDJd1LnaTIZA/pIoYhbrezDnXYm3+Lhqdw==",
      "requires": {
        "@aws-cdk/aws-events": "^0.29.0",
        "@aws-cdk/aws-iam": "^0.29.0",
        "@aws-cdk/aws-kms": "^0.29.0",
        "@aws-cdk/aws-s3-notifications": "^0.29.0",
        "@aws-cdk/cdk": "^0.29.0"
      }
    },
    "@aws-cdk/aws-s3-notifications": {
      "version": "0.29.0",
      "resolved": "https://registry.npmjs.org/@aws-cdk/aws-s3-notifications/-/aws-s3-notifications-0.29.0.tgz",
      "integrity": "sha512-Hdx+89vYcRxCVioarogYs2BIB9tvfsTC035gZwzMeUCj3evyRTfTs63LdM4edb/nkpQj609XKIKzkf3oWBHMIQ==",
      "requires": {
        "@aws-cdk/cdk": "^0.29.0"
      }
    },
    "@aws-cdk/aws-secretsmanager": {
      "version": "0.29.0",
      "resolved": "https://registry.npmjs.org/@aws-cdk/aws-secretsmanager/-/aws-secretsmanager-0.29.0.tgz",
      "integrity": "sha512-ct+escQEruyVpYboECO8TvBuyWQNv2vKR70jHbvhW5mMRLCWIpyJFIUup8VqhTeyQPAEDpNokxVrjqeuKhBqaw==",
      "requires": {
        "@aws-cdk/aws-ec2": "^0.29.0",
        "@aws-cdk/aws-iam": "^0.29.0",
        "@aws-cdk/aws-kms": "^0.29.0",
        "@aws-cdk/aws-lambda": "^0.29.0",
        "@aws-cdk/cdk": "^0.29.0"
      }
    },
    "@aws-cdk/aws-servicediscovery": {
      "version": "0.29.0",
      "resolved": "https://registry.npmjs.org/@aws-cdk/aws-servicediscovery/-/aws-servicediscovery-0.29.0.tgz",
      "integrity": "sha512-sPLSXBm6TDwFBqvalLqpwZw0B/JiSSi9PaVrV2spE8THJddUpQbrd0zVsnTfqWi+wZRC9x4V9wT1O6MOClsa+w==",
      "requires": {
        "@aws-cdk/aws-ec2": "^0.29.0",
        "@aws-cdk/aws-elasticloadbalancingv2": "^0.29.0",
        "@aws-cdk/aws-route53": "^0.29.0",
        "@aws-cdk/cdk": "^0.29.0"
      }
    },
    "@aws-cdk/aws-sns": {
      "version": "0.29.0",
      "resolved": "https://registry.npmjs.org/@aws-cdk/aws-sns/-/aws-sns-0.29.0.tgz",
      "integrity": "sha512-HyChJcZCxKxICdbqqUewJQVemH7lTZ+hY/x72bCIBA92aMOt8qzKEz3AmQC9k6sRCMPPUTsYiqty3R5dZ0+UAw==",
      "requires": {
        "@aws-cdk/aws-autoscaling-api": "^0.29.0",
        "@aws-cdk/aws-cloudwatch": "^0.29.0",
        "@aws-cdk/aws-events": "^0.29.0",
        "@aws-cdk/aws-iam": "^0.29.0",
        "@aws-cdk/aws-lambda": "^0.29.0",
        "@aws-cdk/aws-s3-notifications": "^0.29.0",
        "@aws-cdk/aws-sqs": "^0.29.0",
        "@aws-cdk/cdk": "^0.29.0"
      }
    },
    "@aws-cdk/aws-sqs": {
      "version": "0.29.0",
      "resolved": "https://registry.npmjs.org/@aws-cdk/aws-sqs/-/aws-sqs-0.29.0.tgz",
      "integrity": "sha512-LLtcD1N8nm+rQNPQ3T5vmUUI+AzRG/Dz8pxe6q1iUw7R66powQDybMV/xWS1vjdkeFkbamdrk3EH4fgEO0rauQ==",
      "requires": {
        "@aws-cdk/aws-autoscaling-api": "^0.29.0",
        "@aws-cdk/aws-cloudwatch": "^0.29.0",
        "@aws-cdk/aws-iam": "^0.29.0",
        "@aws-cdk/aws-kms": "^0.29.0",
        "@aws-cdk/aws-s3-notifications": "^0.29.0",
        "@aws-cdk/cdk": "^0.29.0"
      }
    },
    "@aws-cdk/aws-stepfunctions": {
      "version": "0.29.0",
      "resolved": "https://registry.npmjs.org/@aws-cdk/aws-stepfunctions/-/aws-stepfunctions-0.29.0.tgz",
      "integrity": "sha512-8SQkKn2aPTDHqZo4jyuKQVMMmkb+jut8XSFZje7hRa4FDGqVmbYQb9lMyTEqSwZFb+UTmPiCKn82mNUlKtcx7w==",
      "requires": {
        "@aws-cdk/aws-cloudwatch": "^0.29.0",
        "@aws-cdk/aws-events": "^0.29.0",
        "@aws-cdk/aws-iam": "^0.29.0",
        "@aws-cdk/cdk": "^0.29.0"
      }
    },
    "@aws-cdk/cdk": {
      "version": "0.29.0",
      "resolved": "https://registry.npmjs.org/@aws-cdk/cdk/-/cdk-0.29.0.tgz",
      "integrity": "sha512-2ZSkim4UqrczcxQcUKyLiwwLLufTrbJjlB1B3xlVq9iha//Cwgcp6yaJr5DVyqHkfyDknQy/CotC9HBZrSSLCQ==",
      "requires": {
        "@aws-cdk/cx-api": "^0.29.0"
      }
    },
    "@aws-cdk/cx-api": {
      "version": "0.29.0",
      "resolved": "https://registry.npmjs.org/@aws-cdk/cx-api/-/cx-api-0.29.0.tgz",
      "integrity": "sha512-SnktMmv4flwsGSJmfDJzqD23K/U/UzCCrJkShZX7Etqdm0SiI1aS5PlkDq4iHEy42bIRlyIOhqavKCkTMWt9fg=="
    },
    "@aws-cdk/region-info": {
      "version": "0.29.0",
      "resolved": "https://registry.npmjs.org/@aws-cdk/region-info/-/region-info-0.29.0.tgz",
      "integrity": "sha512-2Pf8sETCxdEIliRrjzrT6rFTC2JCMXD1/ICDhej0s8MuGoN6PA4e9RZkeLCBWntyvtQlaQrXFSHSv7pshi9Lug=="
    },
    "@types/node": {
      "version": "8.10.46",
      "resolved": "https://registry.npmjs.org/@types/node/-/node-8.10.46.tgz",
      "integrity": "sha512-PfnRbk836fFs9T9QnZh0G1k9oC6YXCqIK3LX6vU/6oiXtEBSFCiJFj6UnLZtqIIHTsgMn8Dojq3yhmpwY7QWcw==",
      "dev": true
    },
    "typescript": {
      "version": "3.4.5",
      "resolved": "https://registry.npmjs.org/typescript/-/typescript-3.4.5.tgz",
      "integrity": "sha512-YycBxUb49UUhdNMU5aJ7z5Ej2XGmaIBL0x34vZ82fn3hGvD+bgrMrVDpatgz2f7YxUMJxMkbWxJZeAvDxVe7Vw==",
      "dev": true
    }
  }
}
