{
  "name": "stepfunctions-job-poller",
  "version": "0.23.0",
  "lockfileVersion": 1,
  "requires": true,
  "dependencies": {
    "@aws-cdk/aws-cloudwatch": {
      "version": "0.23.0",
      "resolved": "https://registry.npmjs.org/@aws-cdk/aws-cloudwatch/-/aws-cloudwatch-0.23.0.tgz",
      "integrity": "sha512-AHzuwrXr21h5eYrdau3IM/XgE2TDlIaVLhPu7W1fPIbD6jhmO5W0yhE1nL1UGgbJq41oks3/VbHAvQ8o1SwzYQ==",
      "requires": {
        "@aws-cdk/aws-iam": "^0.23.0",
        "@aws-cdk/cdk": "^0.23.0"
      }
    },
    "@aws-cdk/aws-events": {
      "version": "0.23.0",
      "resolved": "https://registry.npmjs.org/@aws-cdk/aws-events/-/aws-events-0.23.0.tgz",
      "integrity": "sha512-PdgOHYuZxkKX8DZ37RGRMKQc5EEVpdnTT95J0Ysm3ROF/JYzqGUlH3qR5K1fUD2Yw0Xfmwe9Zikm+9gGlHlW0w==",
      "requires": {
        "@aws-cdk/aws-iam": "^0.23.0",
        "@aws-cdk/cdk": "^0.23.0"
      }
    },
    "@aws-cdk/aws-iam": {
      "version": "0.23.0",
      "resolved": "https://registry.npmjs.org/@aws-cdk/aws-iam/-/aws-iam-0.23.0.tgz",
      "integrity": "sha512-Y/dyR/+dX5rjeVNpwC9pVa1E2kaFcLVO219gqQEEDVGBiCNFVAvBD5MleSGJh9v6IdsaRCNDcJVgS8CZi/D6OQ==",
      "requires": {
        "@aws-cdk/cdk": "^0.23.0"
      }
    },
    "@aws-cdk/aws-stepfunctions": {
      "version": "0.23.0",
      "resolved": "https://registry.npmjs.org/@aws-cdk/aws-stepfunctions/-/aws-stepfunctions-0.23.0.tgz",
      "integrity": "sha512-uNQt1+5oCR4GHmzuB3efMII+WEGPMwZtm1yMk1e4wZiztuxICvXXKLXOugZD1r0pScKDkFInJ8slrM0YDc3ttQ==",
      "requires": {
        "@aws-cdk/aws-cloudwatch": "^0.23.0",
        "@aws-cdk/aws-events": "^0.23.0",
        "@aws-cdk/aws-iam": "^0.23.0",
        "@aws-cdk/cdk": "^0.23.0"
      }
    },
    "@aws-cdk/cdk": {
      "version": "0.23.0",
      "resolved": "https://registry.npmjs.org/@aws-cdk/cdk/-/cdk-0.23.0.tgz",
      "integrity": "sha512-cm3wWCG3FWo2qz714IODs8ORqvETKvg2vu8T4d+qY+jBXxhjssq9SOqfCGoKTkzC/7GUBB8onIaYE6fbcOIPXw==",
      "requires": {
        "@aws-cdk/cx-api": "^0.23.0",
        "js-base64": "^2.4.5",
        "json-diff": "^0.3.1"
      },
      "dependencies": {
        "cli-color": {
          "version": "0.1.7",
          "bundled": true,
          "requires": {
            "es5-ext": "0.8.x"
          }
        },
        "difflib": {
          "version": "0.2.4",
          "bundled": true,
          "requires": {
            "heap": ">= 0.2.0"
          }
        },
        "dreamopt": {
          "version": "0.6.0",
          "bundled": true,
          "requires": {
            "wordwrap": ">=0.0.2"
          }
        },
        "es5-ext": {
          "version": "0.8.2",
          "bundled": true
        },
        "heap": {
          "version": "0.2.6",
          "bundled": true
        },
        "js-base64": {
          "version": "2.5.1",
          "bundled": true
        },
        "json-diff": {
          "version": "0.3.1",
          "bundled": true,
          "requires": {
            "cli-color": "~0.1.6",
            "difflib": "~0.2.1",
            "dreamopt": "~0.6.0"
          }
        },
        "wordwrap": {
          "version": "1.0.0",
          "bundled": true
        }
      }
    },
    "@aws-cdk/cx-api": {
      "version": "0.23.0",
      "resolved": "https://registry.npmjs.org/@aws-cdk/cx-api/-/cx-api-0.23.0.tgz",
      "integrity": "sha512-TmMJgPLj6XX5sixywnqgogzGF2ePHd8PnDd0rk/ueisUY9NcRGWTCc9sQe2qjmP4aebJeTZXaYrkElUaZXtkHQ=="
    },
    "@types/node": {
      "version": "8.10.39",
      "resolved": "https://registry.npmjs.org/@types/node/-/node-8.10.39.tgz",
      "integrity": "sha512-rE7fktr02J8ybFf6eysife+WF+L4sAHWzw09DgdCebEu+qDwMvv4zl6Bc+825ttGZP73kCKxa3dhJOoGJ8+5mA==",
      "dev": true
    },
    "typescript": {
      "version": "3.3.1",
      "resolved": "https://registry.npmjs.org/typescript/-/typescript-3.3.1.tgz",
      "integrity": "sha512-cTmIDFW7O0IHbn1DPYjkiebHxwtCMU+eTy30ZtJNBPF9j2O1ITu5XH2YnBeVRKWHqF+3JQwWJv0Q0aUgX8W7IA==",
      "dev": true
    }
  }
}
