github.com/Masterminds/semver/v3 v3.1.1 h1:hLg3sBzpNErnxhQtUy/mmLR2I9foDujNK030IGemrRc=
github.com/Masterminds/semver/v3 v3.1.1/go.mod h1:VPu/7SZ7ePZ3QOrcuXROw5FAcLl4a0cBrbBpGY/8hQs=
github.com/aws/aws-cdk-go/awscdk v1.95.1-devpreview h1:Xjk/SJayzdXxWywtf5X2bnvP8HLmpTlUgQE4DAVu2JQ=
github.com/aws/aws-cdk-go/awscdk v1.95.1-devpreview/go.mod h1:lXyXDjTpi71J1LcTMNwDFPE8sH7A9qvWL3rbH5rR184=
github.com/aws/constructs-go/constructs/v3 v3.3.71 h1:lq3sixPXy84dTq/dOxkZbLuAYz27+OMD4gNHnYHYbus=
github.com/aws/constructs-go/constructs/v3 v3.3.71/go.mod h1:TKhHOxYZknZT552ufADDzpb+q+vDkr1XVDWjRxFCgfI=
github.com/aws/jsii-runtime-go v1.26.0 h1:h2F5S3EaR40shhEnupH8G7+9LZB8XxKdENMOU+CquCY=
github.com/aws/jsii-runtime-go v1.26.0/go.mod h1:9ddMDdGQwew6pQrfuTID/LxDDrpyrybwsWN84etzjQ8=
